// !$*UTF8*$!
{
	archiveVersion = 1;
	classes = {
	};
	objectVersion = 48;
	objects = {

/* Begin PBXBuildFile section */
		651DFF031F3F27D500B067D5 /* String+Extra.swift in Sources */ = {isa = PBXBuildFile; fileRef = 651DFF021F3F27D500B067D5 /* String+Extra.swift */; };
		651DFF051F3F281400B067D5 /* SketchDocument.swift in Sources */ = {isa = PBXBuildFile; fileRef = 651DFF041F3F281400B067D5 /* SketchDocument.swift */; };
		651E77711F48D48D00BD766C /* Deprecatable.swift in Sources */ = {isa = PBXBuildFile; fileRef = 651E77701F48D48D00BD766C /* Deprecatable.swift */; };
		65492B671F3BB62000321C7F /* main.swift in Sources */ = {isa = PBXBuildFile; fileRef = 65492B661F3BB62000321C7F /* main.swift */; };
		6562B3EB1F3F34D10017037D /* CodeGenerator.swift in Sources */ = {isa = PBXBuildFile; fileRef = 6562B3EA1F3F34D10017037D /* CodeGenerator.swift */; };
		6562B3EE1F3F54F50017037D /* CodeTemplateReplaceable.swift in Sources */ = {isa = PBXBuildFile; fileRef = 6562B3ED1F3F54F50017037D /* CodeTemplateReplaceable.swift */; };
		6562B3F41F3F656F0017037D /* iOSSwift in Sources */ = {isa = PBXBuildFile; fileRef = 6562B3F31F3F656F0017037D /* iOSSwift */; };
		658382E91F3D1094005B4753 /* TextStyle.swift in Sources */ = {isa = PBXBuildFile; fileRef = 658382E81F3D1094005B4753 /* TextStyle.swift */; };
		658382EB1F3D10C6005B4753 /* ColorStyle.swift in Sources */ = {isa = PBXBuildFile; fileRef = 658382EA1F3D10C6005B4753 /* ColorStyle.swift */; };
		65F134751F486B4B00DA91E3 /* VersionedStyles.swift in Sources */ = {isa = PBXBuildFile; fileRef = 65F134741F486B4B00DA91E3 /* VersionedStyles.swift */; };
		65F134771F4873C600DA91E3 /* CodableError.swift in Sources */ = {isa = PBXBuildFile; fileRef = 65F134761F4873C600DA91E3 /* CodableError.swift */; };
		65F134791F4873DF00DA91E3 /* Version.swift in Sources */ = {isa = PBXBuildFile; fileRef = 65F134781F4873DF00DA91E3 /* Version.swift */; };
		65F890BC1F4227EE0027B697 /* CodeNameable.swift in Sources */ = {isa = PBXBuildFile; fileRef = 65F890BB1F4227EE0027B697 /* CodeNameable.swift */; };
/* End PBXBuildFile section */

/* Begin PBXCopyFilesBuildPhase section */
		65492B611F3BB62000321C7F /* CopyFiles */ = {
			isa = PBXCopyFilesBuildPhase;
			buildActionMask = 2147483647;
			dstPath = /usr/share/man/man1/;
			dstSubfolderSpec = 0;
			files = (
			);
			runOnlyForDeploymentPostprocessing = 1;
		};
/* End PBXCopyFilesBuildPhase section */

/* Begin PBXFileReference section */
		651668BA1F3F94EE0034635D /* iOSSwift */ = {isa = PBXFileReference; lastKnownFileType = text; path = iOSSwift; sourceTree = "<group>"; };
		651DFF021F3F27D500B067D5 /* String+Extra.swift */ = {isa = PBXFileReference; lastKnownFileType = sourcecode.swift; name = "String+Extra.swift"; path = "Utilities/String+Extra.swift"; sourceTree = "<group>"; };
		651DFF041F3F281400B067D5 /* SketchDocument.swift */ = {isa = PBXFileReference; lastKnownFileType = sourcecode.swift; name = SketchDocument.swift; path = Model/SketchDocument.swift; sourceTree = "<group>"; };
		651E77701F48D48D00BD766C /* Deprecatable.swift */ = {isa = PBXFileReference; lastKnownFileType = sourcecode.swift; name = Deprecatable.swift; path = Utilities/Deprecatable.swift; sourceTree = "<group>"; };
		65492B631F3BB62000321C7F /* SketchStyleExporter */ = {isa = PBXFileReference; explicitFileType = "compiled.mach-o.executable"; includeInIndex = 0; path = SketchStyleExporter; sourceTree = BUILT_PRODUCTS_DIR; };
		65492B661F3BB62000321C7F /* main.swift */ = {isa = PBXFileReference; lastKnownFileType = sourcecode.swift; path = main.swift; sourceTree = "<group>"; };
		6562B3EA1F3F34D10017037D /* CodeGenerator.swift */ = {isa = PBXFileReference; lastKnownFileType = sourcecode.swift; name = CodeGenerator.swift; path = SketchStyleExporter/Templates/CodeGenerator.swift; sourceTree = SOURCE_ROOT; };
		6562B3ED1F3F54F50017037D /* CodeTemplateReplaceable.swift */ = {isa = PBXFileReference; lastKnownFileType = sourcecode.swift; name = CodeTemplateReplaceable.swift; path = SketchStyleExporter/Templates/CodeTemplateReplaceable.swift; sourceTree = SOURCE_ROOT; };
		6562B3F31F3F656F0017037D /* iOSSwift */ = {isa = PBXFileReference; lastKnownFileType = text; path = iOSSwift; sourceTree = "<group>"; };
		658382E81F3D1094005B4753 /* TextStyle.swift */ = {isa = PBXFileReference; lastKnownFileType = sourcecode.swift; name = TextStyle.swift; path = Model/TextStyle.swift; sourceTree = "<group>"; };
		658382EA1F3D10C6005B4753 /* ColorStyle.swift */ = {isa = PBXFileReference; lastKnownFileType = sourcecode.swift; name = ColorStyle.swift; path = Model/ColorStyle.swift; sourceTree = "<group>"; };
		65F134741F486B4B00DA91E3 /* VersionedStyles.swift */ = {isa = PBXFileReference; lastKnownFileType = sourcecode.swift; name = VersionedStyles.swift; path = Model/VersionedStyles.swift; sourceTree = "<group>"; };
		65F134761F4873C600DA91E3 /* CodableError.swift */ = {isa = PBXFileReference; lastKnownFileType = sourcecode.swift; name = CodableError.swift; path = Model/CodableError.swift; sourceTree = "<group>"; };
		65F134781F4873DF00DA91E3 /* Version.swift */ = {isa = PBXFileReference; lastKnownFileType = sourcecode.swift; name = Version.swift; path = Model/Version.swift; sourceTree = "<group>"; };
		65F890BB1F4227EE0027B697 /* CodeNameable.swift */ = {isa = PBXFileReference; lastKnownFileType = sourcecode.swift; name = CodeNameable.swift; path = Utilities/CodeNameable.swift; sourceTree = "<group>"; };
		65F890C41F44DC600027B697 /* SketchStyleExporterTests.xctest */ = {isa = PBXFileReference; explicitFileType = wrapper.cfbundle; includeInIndex = 0; path = SketchStyleExporterTests.xctest; sourceTree = BUILT_PRODUCTS_DIR; };
		65F890C81F44DC600027B697 /* Info.plist */ = {isa = PBXFileReference; lastKnownFileType = text.plist.xml; path = Info.plist; sourceTree = "<group>"; };
/* End PBXFileReference section */

/* Begin PBXFrameworksBuildPhase section */
		65492B601F3BB62000321C7F /* Frameworks */ = {
			isa = PBXFrameworksBuildPhase;
			buildActionMask = 2147483647;
			files = (
			);
			runOnlyForDeploymentPostprocessing = 0;
		};
		65F890C11F44DC600027B697 /* Frameworks */ = {
			isa = PBXFrameworksBuildPhase;
			buildActionMask = 2147483647;
			files = (
			);
			runOnlyForDeploymentPostprocessing = 0;
		};
/* End PBXFrameworksBuildPhase section */

/* Begin PBXGroup section */
		651DFF011F3F27C800B067D5 /* Utilities */ = {
			isa = PBXGroup;
			children = (
				65F890BB1F4227EE0027B697 /* CodeNameable.swift */,
				651E77701F48D48D00BD766C /* Deprecatable.swift */,
				651DFF021F3F27D500B067D5 /* String+Extra.swift */,
			);
			name = Utilities;
			sourceTree = "<group>";
		};
		65492B5A1F3BB62000321C7F = {
			isa = PBXGroup;
			children = (
				65492B651F3BB62000321C7F /* SketchStyleExporter */,
				65F890C51F44DC600027B697 /* SketchStyleExporterTests */,
				65492B641F3BB62000321C7F /* Products */,
			);
			sourceTree = "<group>";
		};
		65492B641F3BB62000321C7F /* Products */ = {
			isa = PBXGroup;
			children = (
				65492B631F3BB62000321C7F /* SketchStyleExporter */,
				65F890C41F44DC600027B697 /* SketchStyleExporterTests.xctest */,
			);
			name = Products;
			sourceTree = "<group>";
		};
		65492B651F3BB62000321C7F /* SketchStyleExporter */ = {
			isa = PBXGroup;
			children = (
				65492B661F3BB62000321C7F /* main.swift */,
				6562B3E91F3F32C80017037D /* Templates */,
				651DFF011F3F27C800B067D5 /* Utilities */,
				658382E71F3D107B005B4753 /* Model */,
			);
			path = SketchStyleExporter;
			sourceTree = "<group>";
		};
		6562B3E91F3F32C80017037D /* Templates */ = {
			isa = PBXGroup;
			children = (
				6562B3EA1F3F34D10017037D /* CodeGenerator.swift */,
				6562B3ED1F3F54F50017037D /* CodeTemplateReplaceable.swift */,
				6562B3F11F3F652E0017037D /* ColorStyles */,
				6562B3F01F3F652E0017037D /* TextStyles */,
			);
			name = Templates;
			path = "New Group";
			sourceTree = "<group>";
		};
		6562B3F01F3F652E0017037D /* TextStyles */ = {
			isa = PBXGroup;
			children = (
				6562B3F31F3F656F0017037D /* iOSSwift */,
			);
			name = TextStyles;
			path = SketchStyleExporter/Templates/TextStyles;
			sourceTree = SOURCE_ROOT;
		};
		6562B3F11F3F652E0017037D /* ColorStyles */ = {
			isa = PBXGroup;
			children = (
				651668BA1F3F94EE0034635D /* iOSSwift */,
			);
			name = ColorStyles;
			path = SketchStyleExporter/Templates/ColorStyles;
			sourceTree = SOURCE_ROOT;
		};
		658382E71F3D107B005B4753 /* Model */ = {
			isa = PBXGroup;
			children = (
				658382E81F3D1094005B4753 /* TextStyle.swift */,
				658382EA1F3D10C6005B4753 /* ColorStyle.swift */,
				651DFF041F3F281400B067D5 /* SketchDocument.swift */,
				65F134741F486B4B00DA91E3 /* VersionedStyles.swift */,
				65F134781F4873DF00DA91E3 /* Version.swift */,
				65F134761F4873C600DA91E3 /* CodableError.swift */,
			);
			name = Model;
			sourceTree = "<group>";
		};
		65F890C51F44DC600027B697 /* SketchStyleExporterTests */ = {
			isa = PBXGroup;
			children = (
				65F890C81F44DC600027B697 /* Info.plist */,
			);
			path = SketchStyleExporterTests;
			sourceTree = "<group>";
		};
/* End PBXGroup section */

/* Begin PBXNativeTarget section */
		65492B621F3BB62000321C7F /* SketchStyleExporter */ = {
			isa = PBXNativeTarget;
			buildConfigurationList = 65492B6A1F3BB62000321C7F /* Build configuration list for PBXNativeTarget "SketchStyleExporter" */;
			buildPhases = (
				65492B5F1F3BB62000321C7F /* Sources */,
				65492B601F3BB62000321C7F /* Frameworks */,
				65492B611F3BB62000321C7F /* CopyFiles */,
			);
			buildRules = (
			);
			dependencies = (
			);
			name = SketchStyleExporter;
			productName = SketchStyleExporter;
			productReference = 65492B631F3BB62000321C7F /* SketchStyleExporter */;
			productType = "com.apple.product-type.tool";
		};
		65F890C31F44DC600027B697 /* SketchStyleExporterTests */ = {
			isa = PBXNativeTarget;
			buildConfigurationList = 65F890C91F44DC600027B697 /* Build configuration list for PBXNativeTarget "SketchStyleExporterTests" */;
			buildPhases = (
				65F890C11F44DC600027B697 /* Frameworks */,
				65F890C21F44DC600027B697 /* Resources */,
			);
			buildRules = (
			);
			dependencies = (
			);
			name = SketchStyleExporterTests;
			productName = SketchStyleExporterTests;
			productReference = 65F890C41F44DC600027B697 /* SketchStyleExporterTests.xctest */;
			productType = "com.apple.product-type.bundle.unit-test";
		};
/* End PBXNativeTarget section */

/* Begin PBXProject section */
		65492B5B1F3BB62000321C7F /* Project object */ = {
			isa = PBXProject;
			attributes = {
				LastSwiftUpdateCheck = 0900;
				LastUpgradeCheck = 0900;
				ORGANIZATIONNAME = "Dylan Lewis";
				TargetAttributes = {
					65492B621F3BB62000321C7F = {
						CreatedOnToolsVersion = 9.0;
					};
					65F890C31F44DC600027B697 = {
						CreatedOnToolsVersion = 9.0;
					};
				};
			};
			buildConfigurationList = 65492B5E1F3BB62000321C7F /* Build configuration list for PBXProject "SketchStyleExporter" */;
			compatibilityVersion = "Xcode 8.0";
			developmentRegion = en;
			hasScannedForEncodings = 0;
			knownRegions = (
				en,
			);
			mainGroup = 65492B5A1F3BB62000321C7F;
			productRefGroup = 65492B641F3BB62000321C7F /* Products */;
			projectDirPath = "";
			projectRoot = "";
			targets = (
				65492B621F3BB62000321C7F /* SketchStyleExporter */,
				65F890C31F44DC600027B697 /* SketchStyleExporterTests */,
			);
		};
/* End PBXProject section */

/* Begin PBXResourcesBuildPhase section */
		65F890C21F44DC600027B697 /* Resources */ = {
			isa = PBXResourcesBuildPhase;
			buildActionMask = 2147483647;
			files = (
			);
			runOnlyForDeploymentPostprocessing = 0;
		};
/* End PBXResourcesBuildPhase section */

/* Begin PBXSourcesBuildPhase section */
		65492B5F1F3BB62000321C7F /* Sources */ = {
			isa = PBXSourcesBuildPhase;
			buildActionMask = 2147483647;
			files = (
				658382EB1F3D10C6005B4753 /* ColorStyle.swift in Sources */,
				6562B3F41F3F656F0017037D /* iOSSwift in Sources */,
				651E77711F48D48D00BD766C /* Deprecatable.swift in Sources */,
				6562B3EB1F3F34D10017037D /* CodeGenerator.swift in Sources */,
				65F134771F4873C600DA91E3 /* CodableError.swift in Sources */,
				651DFF051F3F281400B067D5 /* SketchDocument.swift in Sources */,
				65F890BC1F4227EE0027B697 /* CodeNameable.swift in Sources */,
				658382E91F3D1094005B4753 /* TextStyle.swift in Sources */,
				65492B671F3BB62000321C7F /* main.swift in Sources */,
				651DFF031F3F27D500B067D5 /* String+Extra.swift in Sources */,
				6562B3EE1F3F54F50017037D /* CodeTemplateReplaceable.swift in Sources */,
				65F134791F4873DF00DA91E3 /* Version.swift in Sources */,
				65F134751F486B4B00DA91E3 /* VersionedStyles.swift in Sources */,
			);
			runOnlyForDeploymentPostprocessing = 0;
		};
/* End PBXSourcesBuildPhase section */

/* Begin XCBuildConfiguration section */
		65492B681F3BB62000321C7F /* Debug */ = {
			isa = XCBuildConfiguration;
			buildSettings = {
				ALWAYS_SEARCH_USER_PATHS = NO;
				CLANG_ANALYZER_NONNULL = YES;
				CLANG_ANALYZER_NUMBER_OBJECT_CONVERSION = YES_AGGRESSIVE;
				CLANG_CXX_LANGUAGE_STANDARD = "gnu++14";
				CLANG_CXX_LIBRARY = "libc++";
				CLANG_ENABLE_MODULES = YES;
				CLANG_ENABLE_OBJC_ARC = YES;
				CLANG_WARN_BLOCK_CAPTURE_AUTORELEASING = YES;
				CLANG_WARN_BOOL_CONVERSION = YES;
				CLANG_WARN_COMMA = YES;
				CLANG_WARN_CONSTANT_CONVERSION = YES;
				CLANG_WARN_DIRECT_OBJC_ISA_USAGE = YES_ERROR;
				CLANG_WARN_DOCUMENTATION_COMMENTS = YES;
				CLANG_WARN_EMPTY_BODY = YES;
				CLANG_WARN_ENUM_CONVERSION = YES;
				CLANG_WARN_INFINITE_RECURSION = YES;
				CLANG_WARN_INT_CONVERSION = YES;
				CLANG_WARN_OBJC_ROOT_CLASS = YES_ERROR;
				CLANG_WARN_RANGE_LOOP_ANALYSIS = YES;
				CLANG_WARN_STRICT_PROTOTYPES = YES;
				CLANG_WARN_SUSPICIOUS_MOVE = YES;
				CLANG_WARN_UNGUARDED_AVAILABILITY = YES_AGGRESSIVE;
				CLANG_WARN_UNREACHABLE_CODE = YES;
				CLANG_WARN__DUPLICATE_METHOD_MATCH = YES;
				CODE_SIGN_IDENTITY = "Mac Developer";
				COPY_PHASE_STRIP = NO;
				DEBUG_INFORMATION_FORMAT = dwarf;
				ENABLE_STRICT_OBJC_MSGSEND = YES;
				ENABLE_TESTABILITY = YES;
				GCC_C_LANGUAGE_STANDARD = gnu11;
				GCC_DYNAMIC_NO_PIC = NO;
				GCC_NO_COMMON_BLOCKS = YES;
				GCC_OPTIMIZATION_LEVEL = 0;
				GCC_PREPROCESSOR_DEFINITIONS = (
					"DEBUG=1",
					"$(inherited)",
				);
				GCC_WARN_64_TO_32_BIT_CONVERSION = YES;
				GCC_WARN_ABOUT_RETURN_TYPE = YES_ERROR;
				GCC_WARN_UNDECLARED_SELECTOR = YES;
				GCC_WARN_UNINITIALIZED_AUTOS = YES_AGGRESSIVE;
				GCC_WARN_UNUSED_FUNCTION = YES;
				GCC_WARN_UNUSED_VARIABLE = YES;
				MACOSX_DEPLOYMENT_TARGET = 10.12;
				MTL_ENABLE_DEBUG_INFO = YES;
				ONLY_ACTIVE_ARCH = YES;
				SDKROOT = macosx;
				SWIFT_ACTIVE_COMPILATION_CONDITIONS = DEBUG;
				SWIFT_OPTIMIZATION_LEVEL = "-Onone";
			};
			name = Debug;
		};
		65492B691F3BB62000321C7F /* Release */ = {
			isa = XCBuildConfiguration;
			buildSettings = {
				ALWAYS_SEARCH_USER_PATHS = NO;
				CLANG_ANALYZER_NONNULL = YES;
				CLANG_ANALYZER_NUMBER_OBJECT_CONVERSION = YES_AGGRESSIVE;
				CLANG_CXX_LANGUAGE_STANDARD = "gnu++14";
				CLANG_CXX_LIBRARY = "libc++";
				CLANG_ENABLE_MODULES = YES;
				CLANG_ENABLE_OBJC_ARC = YES;
				CLANG_WARN_BLOCK_CAPTURE_AUTORELEASING = YES;
				CLANG_WARN_BOOL_CONVERSION = YES;
				CLANG_WARN_COMMA = YES;
				CLANG_WARN_CONSTANT_CONVERSION = YES;
				CLANG_WARN_DIRECT_OBJC_ISA_USAGE = YES_ERROR;
				CLANG_WARN_DOCUMENTATION_COMMENTS = YES;
				CLANG_WARN_EMPTY_BODY = YES;
				CLANG_WARN_ENUM_CONVERSION = YES;
				CLANG_WARN_INFINITE_RECURSION = YES;
				CLANG_WARN_INT_CONVERSION = YES;
				CLANG_WARN_OBJC_ROOT_CLASS = YES_ERROR;
				CLANG_WARN_RANGE_LOOP_ANALYSIS = YES;
				CLANG_WARN_STRICT_PROTOTYPES = YES;
				CLANG_WARN_SUSPICIOUS_MOVE = YES;
				CLANG_WARN_UNGUARDED_AVAILABILITY = YES_AGGRESSIVE;
				CLANG_WARN_UNREACHABLE_CODE = YES;
				CLANG_WARN__DUPLICATE_METHOD_MATCH = YES;
				CODE_SIGN_IDENTITY = "Mac Developer";
				COPY_PHASE_STRIP = NO;
				DEBUG_INFORMATION_FORMAT = "dwarf-with-dsym";
				ENABLE_NS_ASSERTIONS = NO;
				ENABLE_STRICT_OBJC_MSGSEND = YES;
				GCC_C_LANGUAGE_STANDARD = gnu11;
				GCC_NO_COMMON_BLOCKS = YES;
				GCC_WARN_64_TO_32_BIT_CONVERSION = YES;
				GCC_WARN_ABOUT_RETURN_TYPE = YES_ERROR;
				GCC_WARN_UNDECLARED_SELECTOR = YES;
				GCC_WARN_UNINITIALIZED_AUTOS = YES_AGGRESSIVE;
				GCC_WARN_UNUSED_FUNCTION = YES;
				GCC_WARN_UNUSED_VARIABLE = YES;
				MACOSX_DEPLOYMENT_TARGET = 10.12;
				MTL_ENABLE_DEBUG_INFO = NO;
				SDKROOT = macosx;
				SWIFT_OPTIMIZATION_LEVEL = "-Owholemodule";
			};
			name = Release;
		};
		65492B6B1F3BB62000321C7F /* Debug */ = {
			isa = XCBuildConfiguration;
			buildSettings = {
				DEVELOPMENT_TEAM = 5D6MUHPE98;
				PRODUCT_NAME = "$(TARGET_NAME)";
				SWIFT_VERSION = 4.0;
			};
			name = Debug;
		};
		65492B6C1F3BB62000321C7F /* Release */ = {
			isa = XCBuildConfiguration;
			buildSettings = {
				DEVELOPMENT_TEAM = 5D6MUHPE98;
				PRODUCT_NAME = "$(TARGET_NAME)";
				SWIFT_VERSION = 4.0;
			};
			name = Release;
		};
		65F890CA1F44DC600027B697 /* Debug */ = {
			isa = XCBuildConfiguration;
			buildSettings = {
				COMBINE_HIDPI_IMAGES = YES;
				DEVELOPMENT_TEAM = 5D6MUHPE98;
				INFOPLIST_FILE = SketchStyleExporterTests/Info.plist;
				LD_RUNPATH_SEARCH_PATHS = "$(inherited) @executable_path/../Frameworks @loader_path/../Frameworks";
				PRODUCT_BUNDLE_IDENTIFIER = dylanslewis.SketchStyleExporterTests;
				PRODUCT_NAME = "$(TARGET_NAME)";
				SWIFT_VERSION = 4.0;
			};
			name = Debug;
		};
		65F890CB1F44DC600027B697 /* Release */ = {
			isa = XCBuildConfiguration;
			buildSettings = {
				COMBINE_HIDPI_IMAGES = YES;
				DEVELOPMENT_TEAM = 5D6MUHPE98;
				INFOPLIST_FILE = SketchStyleExporterTests/Info.plist;
				LD_RUNPATH_SEARCH_PATHS = "$(inherited) @executable_path/../Frameworks @loader_path/../Frameworks";
				PRODUCT_BUNDLE_IDENTIFIER = dylanslewis.SketchStyleExporterTests;
				PRODUCT_NAME = "$(TARGET_NAME)";
				SWIFT_VERSION = 4.0;
			};
			name = Release;
		};
/* End XCBuildConfiguration section */

/* Begin XCConfigurationList section */
		65492B5E1F3BB62000321C7F /* Build configuration list for PBXProject "SketchStyleExporter" */ = {
			isa = XCConfigurationList;
			buildConfigurations = (
				65492B681F3BB62000321C7F /* Debug */,
				65492B691F3BB62000321C7F /* Release */,
			);
			defaultConfigurationIsVisible = 0;
			defaultConfigurationName = Release;
		};
		65492B6A1F3BB62000321C7F /* Build configuration list for PBXNativeTarget "SketchStyleExporter" */ = {
			isa = XCConfigurationList;
			buildConfigurations = (
				65492B6B1F3BB62000321C7F /* Debug */,
				65492B6C1F3BB62000321C7F /* Release */,
			);
			defaultConfigurationIsVisible = 0;
			defaultConfigurationName = Release;
		};
		65F890C91F44DC600027B697 /* Build configuration list for PBXNativeTarget "SketchStyleExporterTests" */ = {
			isa = XCConfigurationList;
			buildConfigurations = (
				65F890CA1F44DC600027B697 /* Debug */,
				65F890CB1F44DC600027B697 /* Release */,
			);
			defaultConfigurationIsVisible = 0;
			defaultConfigurationName = Release;
		};
/* End XCConfigurationList section */
	};
	rootObject = 65492B5B1F3BB62000321C7F /* Project object */;
}
