{
  "object": {
    "pins": [
      {
        "package": "Files",
        "repositoryURL": "https://github.com/johnsundell/files.git",
        "state": {
          "branch": null,
          "revision": "c2b337cd9cbe91622830e7e0f8ca76845ba81ca6",
          "version": "1.12.0"
        }
      },
      {
        "package": "ShellOut",
        "repositoryURL": "https://github.com/JohnSundell/ShellOut.git",
        "state": {
          "branch": null,
          "revision": "c21f7a0e891e1301eac0a1b400857173f98aab45",
          "version": "1.2.1"
        }
      }
    ]
  },
  "version": 1
}
