// !$*UTF8*$!
{
	archiveVersion = 1;
	classes = {
	};
	objectVersion = 46;
	objects = {

/* Begin PBXAggregateTarget section */
		"StyleSync::StyleSyncPackageTests::ProductTarget" /* StyleSyncPackageTests */ = {
			isa = PBXAggregateTarget;
			buildConfigurationList = OBJ_228 /* Build configuration list for PBXAggregateTarget "StyleSyncPackageTests" */;
			buildPhases = (
			);
			dependencies = (
				OBJ_231 /* PBXTargetDependency */,
			);
			name = StyleSyncPackageTests;
			productName = StyleSyncPackageTests;
		};
/* End PBXAggregateTarget section */

/* Begin PBXBuildFile section */
		6592B75E1FB8A00C00C32462 /* CodeGeneratorTests.swift in Sources */ = {isa = PBXBuildFile; fileRef = 6592B75D1FB8A00C00C32462 /* CodeGeneratorTests.swift */; };
		6592B7601FB8A56B00C32462 /* XCTest+Extra.swift in Sources */ = {isa = PBXBuildFile; fileRef = 6592B75F1FB8A56B00C32462 /* XCTest+Extra.swift */; };
		6592B7621FB8ABF100C32462 /* StyleExtractorTests.swift in Sources */ = {isa = PBXBuildFile; fileRef = 6592B7611FB8ABF100C32462 /* StyleExtractorTests.swift */; };
		6592B7641FB8BA6200C32462 /* StyleExporterTests.swift in Sources */ = {isa = PBXBuildFile; fileRef = 6592B7631FB8BA6200C32462 /* StyleExporterTests.swift */; };
		OBJ_108 /* Package.swift in Sources */ = {isa = PBXBuildFile; fileRef = OBJ_6 /* Package.swift */; };
		OBJ_114 /* Package.swift in Sources */ = {isa = PBXBuildFile; fileRef = OBJ_92 /* Package.swift */; };
		OBJ_120 /* Package.swift in Sources */ = {isa = PBXBuildFile; fileRef = OBJ_95 /* Package.swift */; };
		OBJ_126 /* Resources.swift in Sources */ = {isa = PBXBuildFile; fileRef = OBJ_85 /* Resources.swift */; };
		OBJ_127 /* SketchManagerTests.swift in Sources */ = {isa = PBXBuildFile; fileRef = OBJ_86 /* SketchManagerTests.swift */; };
		OBJ_128 /* StringTests.swift in Sources */ = {isa = PBXBuildFile; fileRef = OBJ_87 /* StringTests.swift */; };
		OBJ_129 /* VersionTests.swift in Sources */ = {isa = PBXBuildFile; fileRef = OBJ_88 /* VersionTests.swift */; };
		OBJ_131 /* StyleSyncCore.framework in Frameworks */ = {isa = PBXBuildFile; fileRef = "StyleSync::StyleSyncCore::Product" /* StyleSyncCore.framework */; };
		OBJ_132 /* ShellOut.framework in Frameworks */ = {isa = PBXBuildFile; fileRef = "ShellOut::ShellOut::Product" /* ShellOut.framework */; };
		OBJ_133 /* Files.framework in Frameworks */ = {isa = PBXBuildFile; fileRef = "Files::Files::Product" /* Files.framework */; };
		OBJ_145 /* main.swift in Sources */ = {isa = PBXBuildFile; fileRef = OBJ_81 /* main.swift */; };
		OBJ_147 /* StyleSyncCore.framework in Frameworks */ = {isa = PBXBuildFile; fileRef = "StyleSync::StyleSyncCore::Product" /* StyleSyncCore.framework */; };
		OBJ_148 /* ShellOut.framework in Frameworks */ = {isa = PBXBuildFile; fileRef = "ShellOut::ShellOut::Product" /* ShellOut.framework */; };
		OBJ_149 /* Files.framework in Frameworks */ = {isa = PBXBuildFile; fileRef = "Files::Files::Product" /* Files.framework */; };
		OBJ_157 /* CodeGenerator.swift in Sources */ = {isa = PBXBuildFile; fileRef = OBJ_10 /* CodeGenerator.swift */; };
		OBJ_158 /* CodeTemplateReplaceable.swift in Sources */ = {isa = PBXBuildFile; fileRef = OBJ_11 /* CodeTemplateReplaceable.swift */; };
		OBJ_159 /* Config.swift in Sources */ = {isa = PBXBuildFile; fileRef = OBJ_13 /* Config.swift */; };
		OBJ_160 /* ConfigManager.swift in Sources */ = {isa = PBXBuildFile; fileRef = OBJ_14 /* ConfigManager.swift */; };
		OBJ_161 /* Questionaire.swift in Sources */ = {isa = PBXBuildFile; fileRef = OBJ_15 /* Questionaire.swift */; };
		OBJ_162 /* ErrorManager.swift in Sources */ = {isa = PBXBuildFile; fileRef = OBJ_17 /* ErrorManager.swift */; };
		OBJ_163 /* CodableError.swift in Sources */ = {isa = PBXBuildFile; fileRef = OBJ_19 /* CodableError.swift */; };
		OBJ_164 /* CGFloat+Extra.swift in Sources */ = {isa = PBXBuildFile; fileRef = OBJ_21 /* CGFloat+Extra.swift */; };
		OBJ_165 /* File+Extra.swift in Sources */ = {isa = PBXBuildFile; fileRef = OBJ_22 /* File+Extra.swift */; };
		OBJ_166 /* Folder+Extra.swift in Sources */ = {isa = PBXBuildFile; fileRef = OBJ_23 /* Folder+Extra.swift */; };
		OBJ_167 /* NSColor+Extra.swift in Sources */ = {isa = PBXBuildFile; fileRef = OBJ_24 /* NSColor+Extra.swift */; };
		OBJ_168 /* ShellOutCommand+Extra.swift in Sources */ = {isa = PBXBuildFile; fileRef = OBJ_25 /* ShellOutCommand+Extra.swift */; };
		OBJ_169 /* String+Extra.swift in Sources */ = {isa = PBXBuildFile; fileRef = OBJ_26 /* String+Extra.swift */; };
		OBJ_170 /* URLRequest+Extra.swift in Sources */ = {isa = PBXBuildFile; fileRef = OBJ_27 /* URLRequest+Extra.swift */; };
		OBJ_171 /* AddedStyle.swift in Sources */ = {isa = PBXBuildFile; fileRef = OBJ_29 /* AddedStyle.swift */; };
		OBJ_172 /* AddedStyleAttribute.swift in Sources */ = {isa = PBXBuildFile; fileRef = OBJ_30 /* AddedStyleAttribute.swift */; };
		OBJ_173 /* DeprecatedStyle.swift in Sources */ = {isa = PBXBuildFile; fileRef = OBJ_31 /* DeprecatedStyle.swift */; };
		OBJ_174 /* GitHubManager.swift in Sources */ = {isa = PBXBuildFile; fileRef = OBJ_32 /* GitHubManager.swift */; };
		OBJ_175 /* GitHubPullRequestManager.swift in Sources */ = {isa = PBXBuildFile; fileRef = OBJ_33 /* GitHubPullRequestManager.swift */; };
		OBJ_176 /* GitManager.swift in Sources */ = {isa = PBXBuildFile; fileRef = OBJ_34 /* GitManager.swift */; };
		OBJ_177 /* PullRequest.swift in Sources */ = {isa = PBXBuildFile; fileRef = OBJ_35 /* PullRequest.swift */; };
		OBJ_178 /* RemovedStyle.swift in Sources */ = {isa = PBXBuildFile; fileRef = OBJ_36 /* RemovedStyle.swift */; };
		OBJ_179 /* StyleUpdateSummaryGenerator.swift in Sources */ = {isa = PBXBuildFile; fileRef = OBJ_37 /* StyleUpdateSummaryGenerator.swift */; };
		OBJ_180 /* UpdatedAttribute.swift in Sources */ = {isa = PBXBuildFile; fileRef = OBJ_38 /* UpdatedAttribute.swift */; };
		OBJ_181 /* UpdatedStyle.swift in Sources */ = {isa = PBXBuildFile; fileRef = OBJ_39 /* UpdatedStyle.swift */; };
		OBJ_182 /* ScreenshotManager.swift in Sources */ = {isa = PBXBuildFile; fileRef = OBJ_41 /* ScreenshotManager.swift */; };
		OBJ_183 /* SketchDocument.swift in Sources */ = {isa = PBXBuildFile; fileRef = OBJ_43 /* SketchDocument.swift */; };
		OBJ_184 /* SketchManager.swift in Sources */ = {isa = PBXBuildFile; fileRef = OBJ_44 /* SketchManager.swift */; };
		OBJ_185 /* StyleExporter.swift in Sources */ = {isa = PBXBuildFile; fileRef = OBJ_46 /* StyleExporter.swift */; };
		OBJ_186 /* StyleExtractor.swift in Sources */ = {isa = PBXBuildFile; fileRef = OBJ_48 /* StyleExtractor.swift */; };
		OBJ_187 /* StyleSync.swift in Sources */ = {isa = PBXBuildFile; fileRef = OBJ_49 /* StyleSync.swift */; };
		OBJ_188 /* CodeTemplateReplacableStyle.swift in Sources */ = {isa = PBXBuildFile; fileRef = OBJ_51 /* CodeTemplateReplacableStyle.swift */; };
		OBJ_189 /* ColorStyle.swift in Sources */ = {isa = PBXBuildFile; fileRef = OBJ_52 /* ColorStyle.swift */; };
		OBJ_190 /* Style.swift in Sources */ = {isa = PBXBuildFile; fileRef = OBJ_53 /* Style.swift */; };
		OBJ_191 /* StyleParser.swift in Sources */ = {isa = PBXBuildFile; fileRef = OBJ_54 /* StyleParser.swift */; };
		OBJ_192 /* TextStyle.swift in Sources */ = {isa = PBXBuildFile; fileRef = OBJ_55 /* TextStyle.swift */; };
		OBJ_193 /* ConsoleDeprecatedStylesTable.swift in Sources */ = {isa = PBXBuildFile; fileRef = OBJ_58 /* ConsoleDeprecatedStylesTable.swift */; };
		OBJ_194 /* ConsoleHeading.swift in Sources */ = {isa = PBXBuildFile; fileRef = OBJ_59 /* ConsoleHeading.swift */; };
		OBJ_195 /* ConsoleNewStyleTable.swift in Sources */ = {isa = PBXBuildFile; fileRef = OBJ_60 /* ConsoleNewStyleTable.swift */; };
		OBJ_196 /* ConsoleStyleName.swift in Sources */ = {isa = PBXBuildFile; fileRef = OBJ_61 /* ConsoleStyleName.swift */; };
		OBJ_197 /* ConsoleUpdatedStyleTable.swift in Sources */ = {isa = PBXBuildFile; fileRef = OBJ_62 /* ConsoleUpdatedStyleTable.swift */; };
		OBJ_198 /* GitHubDeprecatedStylesTable.swift in Sources */ = {isa = PBXBuildFile; fileRef = OBJ_64 /* GitHubDeprecatedStylesTable.swift */; };
		OBJ_199 /* GitHubHeading.swift in Sources */ = {isa = PBXBuildFile; fileRef = OBJ_65 /* GitHubHeading.swift */; };
		OBJ_200 /* GitHubNewStyleTable.swift in Sources */ = {isa = PBXBuildFile; fileRef = OBJ_66 /* GitHubNewStyleTable.swift */; };
		OBJ_201 /* GitHubStyleName.swift in Sources */ = {isa = PBXBuildFile; fileRef = OBJ_67 /* GitHubStyleName.swift */; };
		OBJ_202 /* GitHubUpdatedStyleTable.swift in Sources */ = {isa = PBXBuildFile; fileRef = OBJ_68 /* GitHubUpdatedStyleTable.swift */; };
		OBJ_203 /* CodeNameable.swift in Sources */ = {isa = PBXBuildFile; fileRef = OBJ_70 /* CodeNameable.swift */; };
		OBJ_204 /* FileType.swift in Sources */ = {isa = PBXBuildFile; fileRef = OBJ_71 /* FileType.swift */; };
		OBJ_205 /* GitHubLink.swift in Sources */ = {isa = PBXBuildFile; fileRef = OBJ_72 /* GitHubLink.swift */; };
		OBJ_206 /* Version.swift in Sources */ = {isa = PBXBuildFile; fileRef = OBJ_74 /* Version.swift */; };
		OBJ_207 /* VersionedStyles.swift in Sources */ = {isa = PBXBuildFile; fileRef = OBJ_75 /* VersionedStyles.swift */; };
		OBJ_208 /* XcodeProject.swift in Sources */ = {isa = PBXBuildFile; fileRef = OBJ_77 /* XcodeProject.swift */; };
		OBJ_209 /* ZipManager.swift in Sources */ = {isa = PBXBuildFile; fileRef = OBJ_79 /* ZipManager.swift */; };
		OBJ_211 /* ShellOut.framework in Frameworks */ = {isa = PBXBuildFile; fileRef = "ShellOut::ShellOut::Product" /* ShellOut.framework */; };
		OBJ_212 /* Files.framework in Frameworks */ = {isa = PBXBuildFile; fileRef = "Files::Files::Product" /* Files.framework */; };
		OBJ_219 /* ShellOut.swift in Sources */ = {isa = PBXBuildFile; fileRef = OBJ_93 /* ShellOut.swift */; };
		OBJ_225 /* Files.swift in Sources */ = {isa = PBXBuildFile; fileRef = OBJ_96 /* Files.swift */; };
/* End PBXBuildFile section */

/* Begin PBXContainerItemProxy section */
		6592B7541FB88F0500C32462 /* PBXContainerItemProxy */ = {
			isa = PBXContainerItemProxy;
			containerPortal = OBJ_1 /* Project object */;
			proxyType = 1;
			remoteGlobalIDString = "StyleSync::StyleSyncCore";
			remoteInfo = StyleSyncCore;
		};
		6592B7551FB88F0500C32462 /* PBXContainerItemProxy */ = {
			isa = PBXContainerItemProxy;
			containerPortal = OBJ_1 /* Project object */;
			proxyType = 1;
			remoteGlobalIDString = "ShellOut::ShellOut";
			remoteInfo = ShellOut;
		};
		6592B7561FB88F0500C32462 /* PBXContainerItemProxy */ = {
			isa = PBXContainerItemProxy;
			containerPortal = OBJ_1 /* Project object */;
			proxyType = 1;
			remoteGlobalIDString = "Files::Files";
			remoteInfo = Files;
		};
		6592B7571FB88F0500C32462 /* PBXContainerItemProxy */ = {
			isa = PBXContainerItemProxy;
			containerPortal = OBJ_1 /* Project object */;
			proxyType = 1;
			remoteGlobalIDString = "ShellOut::ShellOut";
			remoteInfo = ShellOut;
		};
		6592B7581FB88F0500C32462 /* PBXContainerItemProxy */ = {
			isa = PBXContainerItemProxy;
			containerPortal = OBJ_1 /* Project object */;
			proxyType = 1;
			remoteGlobalIDString = "Files::Files";
			remoteInfo = Files;
		};
		6592B7591FB88F0500C32462 /* PBXContainerItemProxy */ = {
			isa = PBXContainerItemProxy;
			containerPortal = OBJ_1 /* Project object */;
			proxyType = 1;
			remoteGlobalIDString = "StyleSync::StyleSyncCore";
			remoteInfo = StyleSyncCore;
		};
		6592B75A1FB88F0500C32462 /* PBXContainerItemProxy */ = {
			isa = PBXContainerItemProxy;
			containerPortal = OBJ_1 /* Project object */;
			proxyType = 1;
			remoteGlobalIDString = "ShellOut::ShellOut";
			remoteInfo = ShellOut;
		};
		6592B75B1FB88F0500C32462 /* PBXContainerItemProxy */ = {
			isa = PBXContainerItemProxy;
			containerPortal = OBJ_1 /* Project object */;
			proxyType = 1;
			remoteGlobalIDString = "Files::Files";
			remoteInfo = Files;
		};
		6592B75C1FB88F0800C32462 /* PBXContainerItemProxy */ = {
			isa = PBXContainerItemProxy;
			containerPortal = OBJ_1 /* Project object */;
			proxyType = 1;
			remoteGlobalIDString = "StyleSync::StyleSyncTests";
			remoteInfo = StyleSyncTests;
		};
/* End PBXContainerItemProxy section */

/* Begin PBXFileReference section */
		6592B75D1FB8A00C00C32462 /* CodeGeneratorTests.swift */ = {isa = PBXFileReference; lastKnownFileType = sourcecode.swift; path = CodeGeneratorTests.swift; sourceTree = "<group>"; };
		6592B75F1FB8A56B00C32462 /* XCTest+Extra.swift */ = {isa = PBXFileReference; lastKnownFileType = sourcecode.swift; name = "XCTest+Extra.swift"; path = "Utilities/XCTest+Extra.swift"; sourceTree = "<group>"; };
		6592B7611FB8ABF100C32462 /* StyleExtractorTests.swift */ = {isa = PBXFileReference; lastKnownFileType = sourcecode.swift; path = StyleExtractorTests.swift; sourceTree = "<group>"; };
		6592B7631FB8BA6200C32462 /* StyleExporterTests.swift */ = {isa = PBXFileReference; lastKnownFileType = sourcecode.swift; path = StyleExporterTests.swift; sourceTree = "<group>"; };
		"Files::Files::Product" /* Files.framework */ = {isa = PBXFileReference; explicitFileType = wrapper.framework; path = Files.framework; sourceTree = BUILT_PRODUCTS_DIR; };
		OBJ_10 /* CodeGenerator.swift */ = {isa = PBXFileReference; lastKnownFileType = sourcecode.swift; path = CodeGenerator.swift; sourceTree = "<group>"; };
		OBJ_11 /* CodeTemplateReplaceable.swift */ = {isa = PBXFileReference; lastKnownFileType = sourcecode.swift; path = CodeTemplateReplaceable.swift; sourceTree = "<group>"; };
		OBJ_13 /* Config.swift */ = {isa = PBXFileReference; lastKnownFileType = sourcecode.swift; path = Config.swift; sourceTree = "<group>"; };
		OBJ_14 /* ConfigManager.swift */ = {isa = PBXFileReference; lastKnownFileType = sourcecode.swift; path = ConfigManager.swift; sourceTree = "<group>"; };
		OBJ_15 /* Questionaire.swift */ = {isa = PBXFileReference; lastKnownFileType = sourcecode.swift; path = Questionaire.swift; sourceTree = "<group>"; };
		OBJ_17 /* ErrorManager.swift */ = {isa = PBXFileReference; lastKnownFileType = sourcecode.swift; path = ErrorManager.swift; sourceTree = "<group>"; };
		OBJ_19 /* CodableError.swift */ = {isa = PBXFileReference; lastKnownFileType = sourcecode.swift; path = CodableError.swift; sourceTree = "<group>"; };
		OBJ_21 /* CGFloat+Extra.swift */ = {isa = PBXFileReference; lastKnownFileType = sourcecode.swift; path = "CGFloat+Extra.swift"; sourceTree = "<group>"; };
		OBJ_22 /* File+Extra.swift */ = {isa = PBXFileReference; lastKnownFileType = sourcecode.swift; path = "File+Extra.swift"; sourceTree = "<group>"; };
		OBJ_23 /* Folder+Extra.swift */ = {isa = PBXFileReference; lastKnownFileType = sourcecode.swift; path = "Folder+Extra.swift"; sourceTree = "<group>"; };
		OBJ_24 /* NSColor+Extra.swift */ = {isa = PBXFileReference; lastKnownFileType = sourcecode.swift; path = "NSColor+Extra.swift"; sourceTree = "<group>"; };
		OBJ_25 /* ShellOutCommand+Extra.swift */ = {isa = PBXFileReference; lastKnownFileType = sourcecode.swift; path = "ShellOutCommand+Extra.swift"; sourceTree = "<group>"; };
		OBJ_26 /* String+Extra.swift */ = {isa = PBXFileReference; lastKnownFileType = sourcecode.swift; path = "String+Extra.swift"; sourceTree = "<group>"; };
		OBJ_27 /* URLRequest+Extra.swift */ = {isa = PBXFileReference; lastKnownFileType = sourcecode.swift; path = "URLRequest+Extra.swift"; sourceTree = "<group>"; };
		OBJ_29 /* AddedStyle.swift */ = {isa = PBXFileReference; lastKnownFileType = sourcecode.swift; path = AddedStyle.swift; sourceTree = "<group>"; };
		OBJ_30 /* AddedStyleAttribute.swift */ = {isa = PBXFileReference; lastKnownFileType = sourcecode.swift; path = AddedStyleAttribute.swift; sourceTree = "<group>"; };
		OBJ_31 /* DeprecatedStyle.swift */ = {isa = PBXFileReference; lastKnownFileType = sourcecode.swift; path = DeprecatedStyle.swift; sourceTree = "<group>"; };
		OBJ_32 /* GitHubManager.swift */ = {isa = PBXFileReference; lastKnownFileType = sourcecode.swift; path = GitHubManager.swift; sourceTree = "<group>"; };
		OBJ_33 /* GitHubPullRequestManager.swift */ = {isa = PBXFileReference; lastKnownFileType = sourcecode.swift; path = GitHubPullRequestManager.swift; sourceTree = "<group>"; };
		OBJ_34 /* GitManager.swift */ = {isa = PBXFileReference; lastKnownFileType = sourcecode.swift; path = GitManager.swift; sourceTree = "<group>"; };
		OBJ_35 /* PullRequest.swift */ = {isa = PBXFileReference; lastKnownFileType = sourcecode.swift; path = PullRequest.swift; sourceTree = "<group>"; };
		OBJ_36 /* RemovedStyle.swift */ = {isa = PBXFileReference; lastKnownFileType = sourcecode.swift; path = RemovedStyle.swift; sourceTree = "<group>"; };
		OBJ_37 /* StyleUpdateSummaryGenerator.swift */ = {isa = PBXFileReference; lastKnownFileType = sourcecode.swift; path = StyleUpdateSummaryGenerator.swift; sourceTree = "<group>"; };
		OBJ_38 /* UpdatedAttribute.swift */ = {isa = PBXFileReference; lastKnownFileType = sourcecode.swift; path = UpdatedAttribute.swift; sourceTree = "<group>"; };
		OBJ_39 /* UpdatedStyle.swift */ = {isa = PBXFileReference; lastKnownFileType = sourcecode.swift; path = UpdatedStyle.swift; sourceTree = "<group>"; };
		OBJ_41 /* ScreenshotManager.swift */ = {isa = PBXFileReference; lastKnownFileType = sourcecode.swift; path = ScreenshotManager.swift; sourceTree = "<group>"; };
		OBJ_43 /* SketchDocument.swift */ = {isa = PBXFileReference; lastKnownFileType = sourcecode.swift; path = SketchDocument.swift; sourceTree = "<group>"; };
		OBJ_44 /* SketchManager.swift */ = {isa = PBXFileReference; lastKnownFileType = sourcecode.swift; path = SketchManager.swift; sourceTree = "<group>"; };
		OBJ_46 /* StyleExporter.swift */ = {isa = PBXFileReference; lastKnownFileType = sourcecode.swift; path = StyleExporter.swift; sourceTree = "<group>"; };
		OBJ_48 /* StyleExtractor.swift */ = {isa = PBXFileReference; lastKnownFileType = sourcecode.swift; path = StyleExtractor.swift; sourceTree = "<group>"; };
		OBJ_49 /* StyleSync.swift */ = {isa = PBXFileReference; lastKnownFileType = sourcecode.swift; path = StyleSync.swift; sourceTree = "<group>"; };
		OBJ_51 /* CodeTemplateReplacableStyle.swift */ = {isa = PBXFileReference; lastKnownFileType = sourcecode.swift; path = CodeTemplateReplacableStyle.swift; sourceTree = "<group>"; };
		OBJ_52 /* ColorStyle.swift */ = {isa = PBXFileReference; lastKnownFileType = sourcecode.swift; path = ColorStyle.swift; sourceTree = "<group>"; };
		OBJ_53 /* Style.swift */ = {isa = PBXFileReference; lastKnownFileType = sourcecode.swift; path = Style.swift; sourceTree = "<group>"; };
		OBJ_54 /* StyleParser.swift */ = {isa = PBXFileReference; lastKnownFileType = sourcecode.swift; path = StyleParser.swift; sourceTree = "<group>"; };
		OBJ_55 /* TextStyle.swift */ = {isa = PBXFileReference; lastKnownFileType = sourcecode.swift; path = TextStyle.swift; sourceTree = "<group>"; };
		OBJ_58 /* ConsoleDeprecatedStylesTable.swift */ = {isa = PBXFileReference; lastKnownFileType = sourcecode.swift; path = ConsoleDeprecatedStylesTable.swift; sourceTree = "<group>"; };
		OBJ_59 /* ConsoleHeading.swift */ = {isa = PBXFileReference; lastKnownFileType = sourcecode.swift; path = ConsoleHeading.swift; sourceTree = "<group>"; };
		OBJ_6 /* Package.swift */ = {isa = PBXFileReference; explicitFileType = sourcecode.swift; path = Package.swift; sourceTree = "<group>"; };
		OBJ_60 /* ConsoleNewStyleTable.swift */ = {isa = PBXFileReference; lastKnownFileType = sourcecode.swift; path = ConsoleNewStyleTable.swift; sourceTree = "<group>"; };
		OBJ_61 /* ConsoleStyleName.swift */ = {isa = PBXFileReference; lastKnownFileType = sourcecode.swift; path = ConsoleStyleName.swift; sourceTree = "<group>"; };
		OBJ_62 /* ConsoleUpdatedStyleTable.swift */ = {isa = PBXFileReference; lastKnownFileType = sourcecode.swift; path = ConsoleUpdatedStyleTable.swift; sourceTree = "<group>"; };
		OBJ_64 /* GitHubDeprecatedStylesTable.swift */ = {isa = PBXFileReference; lastKnownFileType = sourcecode.swift; path = GitHubDeprecatedStylesTable.swift; sourceTree = "<group>"; };
		OBJ_65 /* GitHubHeading.swift */ = {isa = PBXFileReference; lastKnownFileType = sourcecode.swift; path = GitHubHeading.swift; sourceTree = "<group>"; };
		OBJ_66 /* GitHubNewStyleTable.swift */ = {isa = PBXFileReference; lastKnownFileType = sourcecode.swift; path = GitHubNewStyleTable.swift; sourceTree = "<group>"; };
		OBJ_67 /* GitHubStyleName.swift */ = {isa = PBXFileReference; lastKnownFileType = sourcecode.swift; path = GitHubStyleName.swift; sourceTree = "<group>"; };
		OBJ_68 /* GitHubUpdatedStyleTable.swift */ = {isa = PBXFileReference; lastKnownFileType = sourcecode.swift; path = GitHubUpdatedStyleTable.swift; sourceTree = "<group>"; };
		OBJ_70 /* CodeNameable.swift */ = {isa = PBXFileReference; lastKnownFileType = sourcecode.swift; path = CodeNameable.swift; sourceTree = "<group>"; };
		OBJ_71 /* FileType.swift */ = {isa = PBXFileReference; lastKnownFileType = sourcecode.swift; path = FileType.swift; sourceTree = "<group>"; };
		OBJ_72 /* GitHubLink.swift */ = {isa = PBXFileReference; lastKnownFileType = sourcecode.swift; path = GitHubLink.swift; sourceTree = "<group>"; };
		OBJ_74 /* Version.swift */ = {isa = PBXFileReference; lastKnownFileType = sourcecode.swift; path = Version.swift; sourceTree = "<group>"; };
		OBJ_75 /* VersionedStyles.swift */ = {isa = PBXFileReference; lastKnownFileType = sourcecode.swift; path = VersionedStyles.swift; sourceTree = "<group>"; };
		OBJ_77 /* XcodeProject.swift */ = {isa = PBXFileReference; lastKnownFileType = sourcecode.swift; path = XcodeProject.swift; sourceTree = "<group>"; };
		OBJ_79 /* ZipManager.swift */ = {isa = PBXFileReference; lastKnownFileType = sourcecode.swift; path = ZipManager.swift; sourceTree = "<group>"; };
		OBJ_81 /* main.swift */ = {isa = PBXFileReference; lastKnownFileType = sourcecode.swift; path = main.swift; sourceTree = "<group>"; };
		OBJ_85 /* Resources.swift */ = {isa = PBXFileReference; lastKnownFileType = sourcecode.swift; path = Resources.swift; sourceTree = "<group>"; };
		OBJ_86 /* SketchManagerTests.swift */ = {isa = PBXFileReference; lastKnownFileType = sourcecode.swift; path = SketchManagerTests.swift; sourceTree = "<group>"; };
		OBJ_87 /* StringTests.swift */ = {isa = PBXFileReference; lastKnownFileType = sourcecode.swift; path = StringTests.swift; sourceTree = "<group>"; };
		OBJ_88 /* VersionTests.swift */ = {isa = PBXFileReference; lastKnownFileType = sourcecode.swift; path = VersionTests.swift; sourceTree = "<group>"; };
		OBJ_89 /* Design */ = {isa = PBXFileReference; lastKnownFileType = folder; path = Design; sourceTree = SOURCE_ROOT; };
		OBJ_92 /* Package.swift */ = {isa = PBXFileReference; explicitFileType = sourcecode.swift; name = Package.swift; path = "/Users/dylanslewis/Developer/StyleSync/.build/checkouts/ShellOut.git--4208804319273938067/Package.swift"; sourceTree = "<group>"; };
		OBJ_93 /* ShellOut.swift */ = {isa = PBXFileReference; lastKnownFileType = sourcecode.swift; path = ShellOut.swift; sourceTree = "<group>"; };
		OBJ_95 /* Package.swift */ = {isa = PBXFileReference; explicitFileType = sourcecode.swift; name = Package.swift; path = "/Users/dylanslewis/Developer/StyleSync/.build/checkouts/Files.git-6739420172119258925/Package.swift"; sourceTree = "<group>"; };
		OBJ_96 /* Files.swift */ = {isa = PBXFileReference; lastKnownFileType = sourcecode.swift; path = Files.swift; sourceTree = "<group>"; };
		"ShellOut::ShellOut::Product" /* ShellOut.framework */ = {isa = PBXFileReference; explicitFileType = wrapper.framework; path = ShellOut.framework; sourceTree = BUILT_PRODUCTS_DIR; };
		"StyleSync::StyleSync::Product" /* StyleSync */ = {isa = PBXFileReference; lastKnownFileType = text; path = StyleSync; sourceTree = BUILT_PRODUCTS_DIR; };
		"StyleSync::StyleSyncCore::Product" /* StyleSyncCore.framework */ = {isa = PBXFileReference; explicitFileType = wrapper.framework; path = StyleSyncCore.framework; sourceTree = BUILT_PRODUCTS_DIR; };
		"StyleSync::StyleSyncTests::Product" /* StyleSyncTests.xctest */ = {isa = PBXFileReference; lastKnownFileType = file; path = StyleSyncTests.xctest; sourceTree = BUILT_PRODUCTS_DIR; };
/* End PBXFileReference section */

/* Begin PBXFrameworksBuildPhase section */
		OBJ_130 /* Frameworks */ = {
			isa = PBXFrameworksBuildPhase;
			buildActionMask = 0;
			files = (
				OBJ_131 /* StyleSyncCore.framework in Frameworks */,
				OBJ_132 /* ShellOut.framework in Frameworks */,
				OBJ_133 /* Files.framework in Frameworks */,
			);
			runOnlyForDeploymentPostprocessing = 0;
		};
		OBJ_146 /* Frameworks */ = {
			isa = PBXFrameworksBuildPhase;
			buildActionMask = 0;
			files = (
				OBJ_147 /* StyleSyncCore.framework in Frameworks */,
				OBJ_148 /* ShellOut.framework in Frameworks */,
				OBJ_149 /* Files.framework in Frameworks */,
			);
			runOnlyForDeploymentPostprocessing = 0;
		};
		OBJ_210 /* Frameworks */ = {
			isa = PBXFrameworksBuildPhase;
			buildActionMask = 0;
			files = (
				OBJ_211 /* ShellOut.framework in Frameworks */,
				OBJ_212 /* Files.framework in Frameworks */,
			);
			runOnlyForDeploymentPostprocessing = 0;
		};
		OBJ_220 /* Frameworks */ = {
			isa = PBXFrameworksBuildPhase;
			buildActionMask = 0;
			files = (
			);
			runOnlyForDeploymentPostprocessing = 0;
		};
		OBJ_226 /* Frameworks */ = {
			isa = PBXFrameworksBuildPhase;
			buildActionMask = 0;
			files = (
			);
			runOnlyForDeploymentPostprocessing = 0;
		};
/* End PBXFrameworksBuildPhase section */

/* Begin PBXGroup section */
		OBJ_12 /* Config */ = {
			isa = PBXGroup;
			children = (
				OBJ_13 /* Config.swift */,
				OBJ_14 /* ConfigManager.swift */,
				OBJ_15 /* Questionaire.swift */,
			);
			path = Config;
			sourceTree = "<group>";
		};
		OBJ_16 /* ErrorManager */ = {
			isa = PBXGroup;
			children = (
				OBJ_17 /* ErrorManager.swift */,
			);
			path = ErrorManager;
			sourceTree = "<group>";
		};
		OBJ_18 /* Errors */ = {
			isa = PBXGroup;
			children = (
				OBJ_19 /* CodableError.swift */,
			);
			path = Errors;
			sourceTree = "<group>";
		};
		OBJ_20 /* Extensions */ = {
			isa = PBXGroup;
			children = (
				OBJ_21 /* CGFloat+Extra.swift */,
				OBJ_22 /* File+Extra.swift */,
				OBJ_23 /* Folder+Extra.swift */,
				OBJ_24 /* NSColor+Extra.swift */,
				OBJ_25 /* ShellOutCommand+Extra.swift */,
				OBJ_26 /* String+Extra.swift */,
				OBJ_27 /* URLRequest+Extra.swift */,
			);
			path = Extensions;
			sourceTree = "<group>";
		};
		OBJ_28 /* GitHub */ = {
			isa = PBXGroup;
			children = (
				OBJ_29 /* AddedStyle.swift */,
				OBJ_30 /* AddedStyleAttribute.swift */,
				OBJ_31 /* DeprecatedStyle.swift */,
				OBJ_32 /* GitHubManager.swift */,
				OBJ_33 /* GitHubPullRequestManager.swift */,
				OBJ_34 /* GitManager.swift */,
				OBJ_35 /* PullRequest.swift */,
				OBJ_36 /* RemovedStyle.swift */,
				OBJ_37 /* StyleUpdateSummaryGenerator.swift */,
				OBJ_38 /* UpdatedAttribute.swift */,
				OBJ_39 /* UpdatedStyle.swift */,
			);
			path = GitHub;
			sourceTree = "<group>";
		};
		OBJ_40 /* Screenshots */ = {
			isa = PBXGroup;
			children = (
				OBJ_41 /* ScreenshotManager.swift */,
			);
			path = Screenshots;
			sourceTree = "<group>";
		};
		OBJ_42 /* Sketch */ = {
			isa = PBXGroup;
			children = (
				OBJ_43 /* SketchDocument.swift */,
				OBJ_44 /* SketchManager.swift */,
			);
			path = Sketch;
			sourceTree = "<group>";
		};
		OBJ_45 /* StyleExporter */ = {
			isa = PBXGroup;
			children = (
				OBJ_46 /* StyleExporter.swift */,
			);
			path = StyleExporter;
			sourceTree = "<group>";
		};
		OBJ_47 /* StyleExtractor */ = {
			isa = PBXGroup;
			children = (
				OBJ_48 /* StyleExtractor.swift */,
			);
			path = StyleExtractor;
			sourceTree = "<group>";
		};
		OBJ_5 /*  */ = {
			isa = PBXGroup;
			children = (
				OBJ_6 /* Package.swift */,
				OBJ_7 /* Sources */,
				OBJ_82 /* Tests */,
				OBJ_89 /* Design */,
				OBJ_90 /* Dependencies */,
				OBJ_97 /* Products */,
			);
			name = "";
			sourceTree = "<group>";
		};
		OBJ_50 /* Styles */ = {
			isa = PBXGroup;
			children = (
				OBJ_51 /* CodeTemplateReplacableStyle.swift */,
				OBJ_52 /* ColorStyle.swift */,
				OBJ_53 /* Style.swift */,
				OBJ_54 /* StyleParser.swift */,
				OBJ_55 /* TextStyle.swift */,
			);
			path = Styles;
			sourceTree = "<group>";
		};
		OBJ_56 /* Templates */ = {
			isa = PBXGroup;
			children = (
				OBJ_57 /* Console */,
				OBJ_63 /* GitHub */,
			);
			path = Templates;
			sourceTree = "<group>";
		};
		OBJ_57 /* Console */ = {
			isa = PBXGroup;
			children = (
				OBJ_58 /* ConsoleDeprecatedStylesTable.swift */,
				OBJ_59 /* ConsoleHeading.swift */,
				OBJ_60 /* ConsoleNewStyleTable.swift */,
				OBJ_61 /* ConsoleStyleName.swift */,
				OBJ_62 /* ConsoleUpdatedStyleTable.swift */,
			);
			path = Console;
			sourceTree = "<group>";
		};
		OBJ_63 /* GitHub */ = {
			isa = PBXGroup;
			children = (
				OBJ_64 /* GitHubDeprecatedStylesTable.swift */,
				OBJ_65 /* GitHubHeading.swift */,
				OBJ_66 /* GitHubNewStyleTable.swift */,
				OBJ_67 /* GitHubStyleName.swift */,
				OBJ_68 /* GitHubUpdatedStyleTable.swift */,
			);
			path = GitHub;
			sourceTree = "<group>";
		};
		OBJ_69 /* Utilities */ = {
			isa = PBXGroup;
			children = (
				OBJ_70 /* CodeNameable.swift */,
				OBJ_71 /* FileType.swift */,
				OBJ_72 /* GitHubLink.swift */,
			);
			path = Utilities;
			sourceTree = "<group>";
		};
		OBJ_7 /* Sources */ = {
			isa = PBXGroup;
			children = (
				OBJ_8 /* StyleSyncCore */,
				OBJ_80 /* StyleSync */,
			);
			name = Sources;
			sourceTree = SOURCE_ROOT;
		};
		OBJ_73 /* Versions */ = {
			isa = PBXGroup;
			children = (
				OBJ_74 /* Version.swift */,
				OBJ_75 /* VersionedStyles.swift */,
			);
			path = Versions;
			sourceTree = "<group>";
		};
		OBJ_76 /* Xcode */ = {
			isa = PBXGroup;
			children = (
				OBJ_77 /* XcodeProject.swift */,
			);
			path = Xcode;
			sourceTree = "<group>";
		};
		OBJ_78 /* Zip */ = {
			isa = PBXGroup;
			children = (
				OBJ_79 /* ZipManager.swift */,
			);
			path = Zip;
			sourceTree = "<group>";
		};
		OBJ_8 /* StyleSyncCore */ = {
			isa = PBXGroup;
			children = (
				OBJ_9 /* Code Generators */,
				OBJ_12 /* Config */,
				OBJ_16 /* ErrorManager */,
				OBJ_18 /* Errors */,
				OBJ_20 /* Extensions */,
				OBJ_28 /* GitHub */,
				OBJ_40 /* Screenshots */,
				OBJ_42 /* Sketch */,
				OBJ_45 /* StyleExporter */,
				OBJ_47 /* StyleExtractor */,
				OBJ_49 /* StyleSync.swift */,
				OBJ_50 /* Styles */,
				OBJ_56 /* Templates */,
				OBJ_69 /* Utilities */,
				OBJ_73 /* Versions */,
				OBJ_76 /* Xcode */,
				OBJ_78 /* Zip */,
			);
			name = StyleSyncCore;
			path = Sources/StyleSyncCore;
			sourceTree = SOURCE_ROOT;
		};
		OBJ_80 /* StyleSync */ = {
			isa = PBXGroup;
			children = (
				OBJ_81 /* main.swift */,
			);
			name = StyleSync;
			path = Sources/StyleSync;
			sourceTree = SOURCE_ROOT;
		};
		OBJ_82 /* Tests */ = {
			isa = PBXGroup;
			children = (
				OBJ_83 /* StyleSyncTests */,
			);
			name = Tests;
			sourceTree = SOURCE_ROOT;
		};
		OBJ_83 /* StyleSyncTests */ = {
			isa = PBXGroup;
			children = (
				OBJ_84 /* Resources */,
				OBJ_86 /* SketchManagerTests.swift */,
				6592B75D1FB8A00C00C32462 /* CodeGeneratorTests.swift */,
				OBJ_87 /* StringTests.swift */,
				OBJ_88 /* VersionTests.swift */,
				6592B7611FB8ABF100C32462 /* StyleExtractorTests.swift */,
				6592B7631FB8BA6200C32462 /* StyleExporterTests.swift */,
				6592B75F1FB8A56B00C32462 /* XCTest+Extra.swift */,
			);
			name = StyleSyncTests;
			path = Tests/StyleSyncTests;
			sourceTree = SOURCE_ROOT;
		};
		OBJ_84 /* Resources */ = {
			isa = PBXGroup;
			children = (
				OBJ_85 /* Resources.swift */,
			);
			path = Resources;
			sourceTree = "<group>";
		};
		OBJ_9 /* Code Generators */ = {
			isa = PBXGroup;
			children = (
				OBJ_10 /* CodeGenerator.swift */,
				OBJ_11 /* CodeTemplateReplaceable.swift */,
			);
			path = "Code Generators";
			sourceTree = "<group>";
		};
		OBJ_90 /* Dependencies */ = {
			isa = PBXGroup;
			children = (
				OBJ_91 /* ShellOut 2.0.0 */,
				OBJ_94 /* Files 1.12.0 */,
			);
			name = Dependencies;
			sourceTree = "<group>";
		};
		OBJ_91 /* ShellOut 2.0.0 */ = {
			isa = PBXGroup;
			children = (
				OBJ_92 /* Package.swift */,
				OBJ_93 /* ShellOut.swift */,
			);
			name = "ShellOut 2.0.0";
			path = ".build/checkouts/ShellOut.git--4208804319273938067/Sources";
			sourceTree = SOURCE_ROOT;
		};
		OBJ_94 /* Files 1.12.0 */ = {
			isa = PBXGroup;
			children = (
				OBJ_95 /* Package.swift */,
				OBJ_96 /* Files.swift */,
			);
			name = "Files 1.12.0";
			path = ".build/checkouts/Files.git-6739420172119258925/Sources";
			sourceTree = SOURCE_ROOT;
		};
		OBJ_97 /* Products */ = {
			isa = PBXGroup;
			children = (
				"StyleSync::StyleSyncTests::Product" /* StyleSyncTests.xctest */,
				"StyleSync::StyleSync::Product" /* StyleSync */,
				"StyleSync::StyleSyncCore::Product" /* StyleSyncCore.framework */,
				"ShellOut::ShellOut::Product" /* ShellOut.framework */,
				"Files::Files::Product" /* Files.framework */,
			);
			name = Products;
			sourceTree = BUILT_PRODUCTS_DIR;
		};
/* End PBXGroup section */

/* Begin PBXNativeTarget section */
		"Files::Files" /* Files */ = {
			isa = PBXNativeTarget;
			buildConfigurationList = OBJ_221 /* Build configuration list for PBXNativeTarget "Files" */;
			buildPhases = (
				OBJ_224 /* Sources */,
				OBJ_226 /* Frameworks */,
			);
			buildRules = (
			);
			dependencies = (
			);
			name = Files;
			productName = Files;
			productReference = "Files::Files::Product" /* Files.framework */;
			productType = "com.apple.product-type.framework";
		};
		"Files::SwiftPMPackageDescription" /* FilesPackageDescription */ = {
			isa = PBXNativeTarget;
			buildConfigurationList = OBJ_116 /* Build configuration list for PBXNativeTarget "FilesPackageDescription" */;
			buildPhases = (
				OBJ_119 /* Sources */,
			);
			buildRules = (
			);
			dependencies = (
			);
			name = FilesPackageDescription;
			productName = FilesPackageDescription;
			productType = "com.apple.product-type.framework";
		};
		"ShellOut::ShellOut" /* ShellOut */ = {
			isa = PBXNativeTarget;
			buildConfigurationList = OBJ_215 /* Build configuration list for PBXNativeTarget "ShellOut" */;
			buildPhases = (
				OBJ_218 /* Sources */,
				OBJ_220 /* Frameworks */,
			);
			buildRules = (
			);
			dependencies = (
			);
			name = ShellOut;
			productName = ShellOut;
			productReference = "ShellOut::ShellOut::Product" /* ShellOut.framework */;
			productType = "com.apple.product-type.framework";
		};
		"ShellOut::SwiftPMPackageDescription" /* ShellOutPackageDescription */ = {
			isa = PBXNativeTarget;
			buildConfigurationList = OBJ_110 /* Build configuration list for PBXNativeTarget "ShellOutPackageDescription" */;
			buildPhases = (
				OBJ_113 /* Sources */,
			);
			buildRules = (
			);
			dependencies = (
			);
			name = ShellOutPackageDescription;
			productName = ShellOutPackageDescription;
			productType = "com.apple.product-type.framework";
		};
		"StyleSync::StyleSync" /* StyleSync */ = {
			isa = PBXNativeTarget;
			buildConfigurationList = OBJ_141 /* Build configuration list for PBXNativeTarget "StyleSync" */;
			buildPhases = (
				OBJ_144 /* Sources */,
				OBJ_146 /* Frameworks */,
			);
			buildRules = (
			);
			dependencies = (
				OBJ_150 /* PBXTargetDependency */,
				OBJ_151 /* PBXTargetDependency */,
				OBJ_152 /* PBXTargetDependency */,
			);
			name = StyleSync;
			productName = StyleSync;
			productReference = "StyleSync::StyleSync::Product" /* StyleSync */;
			productType = "com.apple.product-type.tool";
		};
		"StyleSync::StyleSyncCore" /* StyleSyncCore */ = {
			isa = PBXNativeTarget;
			buildConfigurationList = OBJ_153 /* Build configuration list for PBXNativeTarget "StyleSyncCore" */;
			buildPhases = (
				OBJ_156 /* Sources */,
				OBJ_210 /* Frameworks */,
			);
			buildRules = (
			);
			dependencies = (
				OBJ_213 /* PBXTargetDependency */,
				OBJ_214 /* PBXTargetDependency */,
			);
			name = StyleSyncCore;
			productName = StyleSyncCore;
			productReference = "StyleSync::StyleSyncCore::Product" /* StyleSyncCore.framework */;
			productType = "com.apple.product-type.framework";
		};
		"StyleSync::StyleSyncTests" /* StyleSyncTests */ = {
			isa = PBXNativeTarget;
			buildConfigurationList = OBJ_122 /* Build configuration list for PBXNativeTarget "StyleSyncTests" */;
			buildPhases = (
				OBJ_125 /* Sources */,
				OBJ_130 /* Frameworks */,
			);
			buildRules = (
			);
			dependencies = (
				OBJ_134 /* PBXTargetDependency */,
				OBJ_136 /* PBXTargetDependency */,
				OBJ_138 /* PBXTargetDependency */,
			);
			name = StyleSyncTests;
			productName = StyleSyncTests;
			productReference = "StyleSync::StyleSyncTests::Product" /* StyleSyncTests.xctest */;
			productType = "com.apple.product-type.bundle.unit-test";
		};
		"StyleSync::SwiftPMPackageDescription" /* StyleSyncPackageDescription */ = {
			isa = PBXNativeTarget;
			buildConfigurationList = OBJ_104 /* Build configuration list for PBXNativeTarget "StyleSyncPackageDescription" */;
			buildPhases = (
				OBJ_107 /* Sources */,
			);
			buildRules = (
			);
			dependencies = (
			);
			name = StyleSyncPackageDescription;
			productName = StyleSyncPackageDescription;
			productType = "com.apple.product-type.framework";
		};
/* End PBXNativeTarget section */

/* Begin PBXProject section */
		OBJ_1 /* Project object */ = {
			isa = PBXProject;
			attributes = {
				LastUpgradeCheck = 9999;
			};
			buildConfigurationList = OBJ_2 /* Build configuration list for PBXProject "StyleSync" */;
			compatibilityVersion = "Xcode 3.2";
			developmentRegion = English;
			hasScannedForEncodings = 0;
			knownRegions = (
				en,
			);
			mainGroup = OBJ_5 /*  */;
			productRefGroup = OBJ_97 /* Products */;
			projectDirPath = "";
			projectRoot = "";
			targets = (
				"StyleSync::SwiftPMPackageDescription" /* StyleSyncPackageDescription */,
				"ShellOut::SwiftPMPackageDescription" /* ShellOutPackageDescription */,
				"Files::SwiftPMPackageDescription" /* FilesPackageDescription */,
				"StyleSync::StyleSyncTests" /* StyleSyncTests */,
				"StyleSync::StyleSync" /* StyleSync */,
				"StyleSync::StyleSyncCore" /* StyleSyncCore */,
				"ShellOut::ShellOut" /* ShellOut */,
				"Files::Files" /* Files */,
				"StyleSync::StyleSyncPackageTests::ProductTarget" /* StyleSyncPackageTests */,
			);
		};
/* End PBXProject section */

/* Begin PBXSourcesBuildPhase section */
		OBJ_107 /* Sources */ = {
			isa = PBXSourcesBuildPhase;
			buildActionMask = 0;
			files = (
				OBJ_108 /* Package.swift in Sources */,
			);
			runOnlyForDeploymentPostprocessing = 0;
		};
		OBJ_113 /* Sources */ = {
			isa = PBXSourcesBuildPhase;
			buildActionMask = 0;
			files = (
				OBJ_114 /* Package.swift in Sources */,
			);
			runOnlyForDeploymentPostprocessing = 0;
		};
		OBJ_119 /* Sources */ = {
			isa = PBXSourcesBuildPhase;
			buildActionMask = 0;
			files = (
				OBJ_120 /* Package.swift in Sources */,
			);
			runOnlyForDeploymentPostprocessing = 0;
		};
		OBJ_125 /* Sources */ = {
			isa = PBXSourcesBuildPhase;
			buildActionMask = 0;
			files = (
				6592B7641FB8BA6200C32462 /* StyleExporterTests.swift in Sources */,
				OBJ_126 /* Resources.swift in Sources */,
				6592B7621FB8ABF100C32462 /* StyleExtractorTests.swift in Sources */,
				6592B7601FB8A56B00C32462 /* XCTest+Extra.swift in Sources */,
				OBJ_127 /* SketchManagerTests.swift in Sources */,
				OBJ_128 /* StringTests.swift in Sources */,
				OBJ_129 /* VersionTests.swift in Sources */,
				6592B75E1FB8A00C00C32462 /* CodeGeneratorTests.swift in Sources */,
			);
			runOnlyForDeploymentPostprocessing = 0;
		};
		OBJ_144 /* Sources */ = {
			isa = PBXSourcesBuildPhase;
			buildActionMask = 0;
			files = (
				OBJ_145 /* main.swift in Sources */,
			);
			runOnlyForDeploymentPostprocessing = 0;
		};
		OBJ_156 /* Sources */ = {
			isa = PBXSourcesBuildPhase;
			buildActionMask = 0;
			files = (
				OBJ_157 /* CodeGenerator.swift in Sources */,
				OBJ_158 /* CodeTemplateReplaceable.swift in Sources */,
				OBJ_159 /* Config.swift in Sources */,
				OBJ_160 /* ConfigManager.swift in Sources */,
				OBJ_161 /* Questionaire.swift in Sources */,
				OBJ_162 /* ErrorManager.swift in Sources */,
				OBJ_163 /* CodableError.swift in Sources */,
				OBJ_164 /* CGFloat+Extra.swift in Sources */,
				OBJ_165 /* File+Extra.swift in Sources */,
				OBJ_166 /* Folder+Extra.swift in Sources */,
				OBJ_167 /* NSColor+Extra.swift in Sources */,
				OBJ_168 /* ShellOutCommand+Extra.swift in Sources */,
				OBJ_169 /* String+Extra.swift in Sources */,
				OBJ_170 /* URLRequest+Extra.swift in Sources */,
				OBJ_171 /* AddedStyle.swift in Sources */,
				OBJ_172 /* AddedStyleAttribute.swift in Sources */,
				OBJ_173 /* DeprecatedStyle.swift in Sources */,
				OBJ_174 /* GitHubManager.swift in Sources */,
				OBJ_175 /* GitHubPullRequestManager.swift in Sources */,
				OBJ_176 /* GitManager.swift in Sources */,
				OBJ_177 /* PullRequest.swift in Sources */,
				OBJ_178 /* RemovedStyle.swift in Sources */,
				OBJ_179 /* StyleUpdateSummaryGenerator.swift in Sources */,
				OBJ_180 /* UpdatedAttribute.swift in Sources */,
				OBJ_181 /* UpdatedStyle.swift in Sources */,
				OBJ_182 /* ScreenshotManager.swift in Sources */,
				OBJ_183 /* SketchDocument.swift in Sources */,
				OBJ_184 /* SketchManager.swift in Sources */,
				OBJ_185 /* StyleExporter.swift in Sources */,
				OBJ_186 /* StyleExtractor.swift in Sources */,
				OBJ_187 /* StyleSync.swift in Sources */,
				OBJ_188 /* CodeTemplateReplacableStyle.swift in Sources */,
				OBJ_189 /* ColorStyle.swift in Sources */,
				OBJ_190 /* Style.swift in Sources */,
				OBJ_191 /* StyleParser.swift in Sources */,
				OBJ_192 /* TextStyle.swift in Sources */,
				OBJ_193 /* ConsoleDeprecatedStylesTable.swift in Sources */,
				OBJ_194 /* ConsoleHeading.swift in Sources */,
				OBJ_195 /* ConsoleNewStyleTable.swift in Sources */,
				OBJ_196 /* ConsoleStyleName.swift in Sources */,
				OBJ_197 /* ConsoleUpdatedStyleTable.swift in Sources */,
				OBJ_198 /* GitHubDeprecatedStylesTable.swift in Sources */,
				OBJ_199 /* GitHubHeading.swift in Sources */,
				OBJ_200 /* GitHubNewStyleTable.swift in Sources */,
				OBJ_201 /* GitHubStyleName.swift in Sources */,
				OBJ_202 /* GitHubUpdatedStyleTable.swift in Sources */,
				OBJ_203 /* CodeNameable.swift in Sources */,
				OBJ_204 /* FileType.swift in Sources */,
				OBJ_205 /* GitHubLink.swift in Sources */,
				OBJ_206 /* Version.swift in Sources */,
				OBJ_207 /* VersionedStyles.swift in Sources */,
				OBJ_208 /* XcodeProject.swift in Sources */,
				OBJ_209 /* ZipManager.swift in Sources */,
			);
			runOnlyForDeploymentPostprocessing = 0;
		};
		OBJ_218 /* Sources */ = {
			isa = PBXSourcesBuildPhase;
			buildActionMask = 0;
			files = (
				OBJ_219 /* ShellOut.swift in Sources */,
			);
			runOnlyForDeploymentPostprocessing = 0;
		};
		OBJ_224 /* Sources */ = {
			isa = PBXSourcesBuildPhase;
			buildActionMask = 0;
			files = (
				OBJ_225 /* Files.swift in Sources */,
			);
			runOnlyForDeploymentPostprocessing = 0;
		};
/* End PBXSourcesBuildPhase section */

/* Begin PBXTargetDependency section */
		OBJ_134 /* PBXTargetDependency */ = {
			isa = PBXTargetDependency;
			target = "StyleSync::StyleSyncCore" /* StyleSyncCore */;
			targetProxy = 6592B7591FB88F0500C32462 /* PBXContainerItemProxy */;
		};
		OBJ_136 /* PBXTargetDependency */ = {
			isa = PBXTargetDependency;
			target = "ShellOut::ShellOut" /* ShellOut */;
			targetProxy = 6592B75A1FB88F0500C32462 /* PBXContainerItemProxy */;
		};
		OBJ_138 /* PBXTargetDependency */ = {
			isa = PBXTargetDependency;
			target = "Files::Files" /* Files */;
			targetProxy = 6592B75B1FB88F0500C32462 /* PBXContainerItemProxy */;
		};
		OBJ_150 /* PBXTargetDependency */ = {
			isa = PBXTargetDependency;
			target = "StyleSync::StyleSyncCore" /* StyleSyncCore */;
			targetProxy = 6592B7541FB88F0500C32462 /* PBXContainerItemProxy */;
		};
		OBJ_151 /* PBXTargetDependency */ = {
			isa = PBXTargetDependency;
			target = "ShellOut::ShellOut" /* ShellOut */;
			targetProxy = 6592B7571FB88F0500C32462 /* PBXContainerItemProxy */;
		};
		OBJ_152 /* PBXTargetDependency */ = {
			isa = PBXTargetDependency;
			target = "Files::Files" /* Files */;
			targetProxy = 6592B7581FB88F0500C32462 /* PBXContainerItemProxy */;
		};
		OBJ_213 /* PBXTargetDependency */ = {
			isa = PBXTargetDependency;
			target = "ShellOut::ShellOut" /* ShellOut */;
			targetProxy = 6592B7551FB88F0500C32462 /* PBXContainerItemProxy */;
		};
		OBJ_214 /* PBXTargetDependency */ = {
			isa = PBXTargetDependency;
			target = "Files::Files" /* Files */;
			targetProxy = 6592B7561FB88F0500C32462 /* PBXContainerItemProxy */;
		};
		OBJ_231 /* PBXTargetDependency */ = {
			isa = PBXTargetDependency;
			target = "StyleSync::StyleSyncTests" /* StyleSyncTests */;
			targetProxy = 6592B75C1FB88F0800C32462 /* PBXContainerItemProxy */;
		};
/* End PBXTargetDependency section */

/* Begin XCBuildConfiguration section */
		OBJ_105 /* Debug */ = {
			isa = XCBuildConfiguration;
			buildSettings = {
				LD = /usr/bin/true;
				OTHER_SWIFT_FLAGS = "-swift-version 4 -I /Applications/Xcode.app/Contents/Developer/Toolchains/XcodeDefault.xctoolchain/usr/lib/swift/pm/4 -target x86_64-apple-macosx10.10 -sdk /Applications/Xcode.app/Contents/Developer/Platforms/MacOSX.platform/Developer/SDKs/MacOSX10.13.sdk";
				SWIFT_VERSION = 4.0;
			};
			name = Debug;
		};
		OBJ_106 /* Release */ = {
			isa = XCBuildConfiguration;
			buildSettings = {
				LD = /usr/bin/true;
				OTHER_SWIFT_FLAGS = "-swift-version 4 -I /Applications/Xcode.app/Contents/Developer/Toolchains/XcodeDefault.xctoolchain/usr/lib/swift/pm/4 -target x86_64-apple-macosx10.10 -sdk /Applications/Xcode.app/Contents/Developer/Platforms/MacOSX.platform/Developer/SDKs/MacOSX10.13.sdk";
				SWIFT_VERSION = 4.0;
			};
			name = Release;
		};
		OBJ_111 /* Debug */ = {
			isa = XCBuildConfiguration;
			buildSettings = {
				LD = /usr/bin/true;
				OTHER_SWIFT_FLAGS = "-swift-version 4 -I /Applications/Xcode.app/Contents/Developer/Toolchains/XcodeDefault.xctoolchain/usr/lib/swift/pm/4 -target x86_64-apple-macosx10.10 -sdk /Applications/Xcode.app/Contents/Developer/Platforms/MacOSX.platform/Developer/SDKs/MacOSX10.13.sdk";
				SWIFT_VERSION = 4.0;
			};
			name = Debug;
		};
		OBJ_112 /* Release */ = {
			isa = XCBuildConfiguration;
			buildSettings = {
				LD = /usr/bin/true;
				OTHER_SWIFT_FLAGS = "-swift-version 4 -I /Applications/Xcode.app/Contents/Developer/Toolchains/XcodeDefault.xctoolchain/usr/lib/swift/pm/4 -target x86_64-apple-macosx10.10 -sdk /Applications/Xcode.app/Contents/Developer/Platforms/MacOSX.platform/Developer/SDKs/MacOSX10.13.sdk";
				SWIFT_VERSION = 4.0;
			};
			name = Release;
		};
		OBJ_117 /* Debug */ = {
			isa = XCBuildConfiguration;
			buildSettings = {
				LD = /usr/bin/true;
				OTHER_SWIFT_FLAGS = "-swift-version 3 -I /Applications/Xcode.app/Contents/Developer/Toolchains/XcodeDefault.xctoolchain/usr/lib/swift/pm/3 -target x86_64-apple-macosx10.10 -sdk /Applications/Xcode.app/Contents/Developer/Platforms/MacOSX.platform/Developer/SDKs/MacOSX10.13.sdk";
				SWIFT_VERSION = 3.0;
			};
			name = Debug;
		};
		OBJ_118 /* Release */ = {
			isa = XCBuildConfiguration;
			buildSettings = {
				LD = /usr/bin/true;
				OTHER_SWIFT_FLAGS = "-swift-version 3 -I /Applications/Xcode.app/Contents/Developer/Toolchains/XcodeDefault.xctoolchain/usr/lib/swift/pm/3 -target x86_64-apple-macosx10.10 -sdk /Applications/Xcode.app/Contents/Developer/Platforms/MacOSX.platform/Developer/SDKs/MacOSX10.13.sdk";
				SWIFT_VERSION = 3.0;
			};
			name = Release;
		};
		OBJ_123 /* Debug */ = {
			isa = XCBuildConfiguration;
			buildSettings = {
				EMBEDDED_CONTENT_CONTAINS_SWIFT = YES;
				FRAMEWORK_SEARCH_PATHS = (
					"$(inherited)",
					"$(PLATFORM_DIR)/Developer/Library/Frameworks",
				);
				HEADER_SEARCH_PATHS = "$(inherited)";
				INFOPLIST_FILE = StyleSync.xcodeproj/StyleSyncTests_Info.plist;
				LD_RUNPATH_SEARCH_PATHS = "@loader_path/../Frameworks @loader_path/Frameworks";
				OTHER_LDFLAGS = "$(inherited)";
				OTHER_SWIFT_FLAGS = "$(inherited)";
				SWIFT_VERSION = 4.0;
				TARGET_NAME = StyleSyncTests;
			};
			name = Debug;
		};
		OBJ_124 /* Release */ = {
			isa = XCBuildConfiguration;
			buildSettings = {
				EMBEDDED_CONTENT_CONTAINS_SWIFT = YES;
				FRAMEWORK_SEARCH_PATHS = (
					"$(inherited)",
					"$(PLATFORM_DIR)/Developer/Library/Frameworks",
				);
				HEADER_SEARCH_PATHS = "$(inherited)";
				INFOPLIST_FILE = StyleSync.xcodeproj/StyleSyncTests_Info.plist;
				LD_RUNPATH_SEARCH_PATHS = "@loader_path/../Frameworks @loader_path/Frameworks";
				OTHER_LDFLAGS = "$(inherited)";
				OTHER_SWIFT_FLAGS = "$(inherited)";
				SWIFT_VERSION = 4.0;
				TARGET_NAME = StyleSyncTests;
			};
			name = Release;
		};
		OBJ_142 /* Debug */ = {
			isa = XCBuildConfiguration;
			buildSettings = {
				FRAMEWORK_SEARCH_PATHS = (
					"$(inherited)",
					"$(PLATFORM_DIR)/Developer/Library/Frameworks",
				);
				HEADER_SEARCH_PATHS = "$(inherited)";
				INFOPLIST_FILE = StyleSync.xcodeproj/StyleSync_Info.plist;
				LD_RUNPATH_SEARCH_PATHS = "$(TOOLCHAIN_DIR)/usr/lib/swift/macosx @executable_path";
				OTHER_LDFLAGS = "$(inherited)";
				OTHER_SWIFT_FLAGS = "$(inherited)";
				SWIFT_FORCE_DYNAMIC_LINK_STDLIB = YES;
				SWIFT_FORCE_STATIC_LINK_STDLIB = NO;
				SWIFT_VERSION = 4.0;
				TARGET_NAME = StyleSync;
			};
			name = Debug;
		};
		OBJ_143 /* Release */ = {
			isa = XCBuildConfiguration;
			buildSettings = {
				FRAMEWORK_SEARCH_PATHS = (
					"$(inherited)",
					"$(PLATFORM_DIR)/Developer/Library/Frameworks",
				);
				HEADER_SEARCH_PATHS = "$(inherited)";
				INFOPLIST_FILE = StyleSync.xcodeproj/StyleSync_Info.plist;
				LD_RUNPATH_SEARCH_PATHS = "$(TOOLCHAIN_DIR)/usr/lib/swift/macosx @executable_path";
				OTHER_LDFLAGS = "$(inherited)";
				OTHER_SWIFT_FLAGS = "$(inherited)";
				SWIFT_FORCE_DYNAMIC_LINK_STDLIB = YES;
				SWIFT_FORCE_STATIC_LINK_STDLIB = NO;
				SWIFT_VERSION = 4.0;
				TARGET_NAME = StyleSync;
			};
			name = Release;
		};
		OBJ_154 /* Debug */ = {
			isa = XCBuildConfiguration;
			buildSettings = {
				ENABLE_TESTABILITY = YES;
				FRAMEWORK_SEARCH_PATHS = (
					"$(inherited)",
					"$(PLATFORM_DIR)/Developer/Library/Frameworks",
				);
				HEADER_SEARCH_PATHS = "$(inherited)";
				INFOPLIST_FILE = StyleSync.xcodeproj/StyleSyncCore_Info.plist;
				LD_RUNPATH_SEARCH_PATHS = "$(TOOLCHAIN_DIR)/usr/lib/swift/macosx";
				OTHER_LDFLAGS = "$(inherited)";
				OTHER_SWIFT_FLAGS = "$(inherited)";
				PRODUCT_BUNDLE_IDENTIFIER = StyleSyncCore;
				PRODUCT_MODULE_NAME = "$(TARGET_NAME:c99extidentifier)";
				PRODUCT_NAME = "$(TARGET_NAME:c99extidentifier)";
				SKIP_INSTALL = YES;
				SWIFT_VERSION = 4.0;
				TARGET_NAME = StyleSyncCore;
			};
			name = Debug;
		};
		OBJ_155 /* Release */ = {
			isa = XCBuildConfiguration;
			buildSettings = {
				ENABLE_TESTABILITY = YES;
				FRAMEWORK_SEARCH_PATHS = (
					"$(inherited)",
					"$(PLATFORM_DIR)/Developer/Library/Frameworks",
				);
				HEADER_SEARCH_PATHS = "$(inherited)";
				INFOPLIST_FILE = StyleSync.xcodeproj/StyleSyncCore_Info.plist;
				LD_RUNPATH_SEARCH_PATHS = "$(TOOLCHAIN_DIR)/usr/lib/swift/macosx";
				OTHER_LDFLAGS = "$(inherited)";
				OTHER_SWIFT_FLAGS = "$(inherited)";
				PRODUCT_BUNDLE_IDENTIFIER = StyleSyncCore;
				PRODUCT_MODULE_NAME = "$(TARGET_NAME:c99extidentifier)";
				PRODUCT_NAME = "$(TARGET_NAME:c99extidentifier)";
				SKIP_INSTALL = YES;
				SWIFT_VERSION = 4.0;
				TARGET_NAME = StyleSyncCore;
			};
			name = Release;
		};
		OBJ_216 /* Debug */ = {
			isa = XCBuildConfiguration;
			buildSettings = {
				ENABLE_TESTABILITY = YES;
				FRAMEWORK_SEARCH_PATHS = (
					"$(inherited)",
					"$(PLATFORM_DIR)/Developer/Library/Frameworks",
				);
				HEADER_SEARCH_PATHS = "$(inherited)";
				INFOPLIST_FILE = StyleSync.xcodeproj/ShellOut_Info.plist;
				LD_RUNPATH_SEARCH_PATHS = "$(TOOLCHAIN_DIR)/usr/lib/swift/macosx";
				OTHER_LDFLAGS = "$(inherited)";
				OTHER_SWIFT_FLAGS = "$(inherited)";
				PRODUCT_BUNDLE_IDENTIFIER = ShellOut;
				PRODUCT_MODULE_NAME = "$(TARGET_NAME:c99extidentifier)";
				PRODUCT_NAME = "$(TARGET_NAME:c99extidentifier)";
				SKIP_INSTALL = YES;
				SWIFT_VERSION = 4.0;
				TARGET_NAME = ShellOut;
			};
			name = Debug;
		};
		OBJ_217 /* Release */ = {
			isa = XCBuildConfiguration;
			buildSettings = {
				ENABLE_TESTABILITY = YES;
				FRAMEWORK_SEARCH_PATHS = (
					"$(inherited)",
					"$(PLATFORM_DIR)/Developer/Library/Frameworks",
				);
				HEADER_SEARCH_PATHS = "$(inherited)";
				INFOPLIST_FILE = StyleSync.xcodeproj/ShellOut_Info.plist;
				LD_RUNPATH_SEARCH_PATHS = "$(TOOLCHAIN_DIR)/usr/lib/swift/macosx";
				OTHER_LDFLAGS = "$(inherited)";
				OTHER_SWIFT_FLAGS = "$(inherited)";
				PRODUCT_BUNDLE_IDENTIFIER = ShellOut;
				PRODUCT_MODULE_NAME = "$(TARGET_NAME:c99extidentifier)";
				PRODUCT_NAME = "$(TARGET_NAME:c99extidentifier)";
				SKIP_INSTALL = YES;
				SWIFT_VERSION = 4.0;
				TARGET_NAME = ShellOut;
			};
			name = Release;
		};
		OBJ_222 /* Debug */ = {
			isa = XCBuildConfiguration;
			buildSettings = {
				ENABLE_TESTABILITY = YES;
				FRAMEWORK_SEARCH_PATHS = (
					"$(inherited)",
					"$(PLATFORM_DIR)/Developer/Library/Frameworks",
				);
				HEADER_SEARCH_PATHS = "$(inherited)";
				INFOPLIST_FILE = StyleSync.xcodeproj/Files_Info.plist;
				LD_RUNPATH_SEARCH_PATHS = "$(TOOLCHAIN_DIR)/usr/lib/swift/macosx";
				OTHER_LDFLAGS = "$(inherited)";
				OTHER_SWIFT_FLAGS = "$(inherited)";
				PRODUCT_BUNDLE_IDENTIFIER = Files;
				PRODUCT_MODULE_NAME = "$(TARGET_NAME:c99extidentifier)";
				PRODUCT_NAME = "$(TARGET_NAME:c99extidentifier)";
				SKIP_INSTALL = YES;
				SWIFT_VERSION = 3.0;
				TARGET_NAME = Files;
			};
			name = Debug;
		};
		OBJ_223 /* Release */ = {
			isa = XCBuildConfiguration;
			buildSettings = {
				ENABLE_TESTABILITY = YES;
				FRAMEWORK_SEARCH_PATHS = (
					"$(inherited)",
					"$(PLATFORM_DIR)/Developer/Library/Frameworks",
				);
				HEADER_SEARCH_PATHS = "$(inherited)";
				INFOPLIST_FILE = StyleSync.xcodeproj/Files_Info.plist;
				LD_RUNPATH_SEARCH_PATHS = "$(TOOLCHAIN_DIR)/usr/lib/swift/macosx";
				OTHER_LDFLAGS = "$(inherited)";
				OTHER_SWIFT_FLAGS = "$(inherited)";
				PRODUCT_BUNDLE_IDENTIFIER = Files;
				PRODUCT_MODULE_NAME = "$(TARGET_NAME:c99extidentifier)";
				PRODUCT_NAME = "$(TARGET_NAME:c99extidentifier)";
				SKIP_INSTALL = YES;
				SWIFT_VERSION = 3.0;
				TARGET_NAME = Files;
			};
			name = Release;
		};
		OBJ_229 /* Debug */ = {
			isa = XCBuildConfiguration;
			buildSettings = {
			};
			name = Debug;
		};
		OBJ_230 /* Release */ = {
			isa = XCBuildConfiguration;
			buildSettings = {
			};
			name = Release;
		};
		OBJ_3 /* Debug */ = {
			isa = XCBuildConfiguration;
			buildSettings = {
				CLANG_ENABLE_OBJC_ARC = YES;
				COMBINE_HIDPI_IMAGES = YES;
				COPY_PHASE_STRIP = NO;
				DEBUG_INFORMATION_FORMAT = dwarf;
				DYLIB_INSTALL_NAME_BASE = "@rpath";
				ENABLE_NS_ASSERTIONS = YES;
				GCC_OPTIMIZATION_LEVEL = 0;
				MACOSX_DEPLOYMENT_TARGET = 10.10;
				ONLY_ACTIVE_ARCH = YES;
				OTHER_SWIFT_FLAGS = "-DXcode";
				PRODUCT_NAME = "$(TARGET_NAME)";
				SDKROOT = macosx;
				SUPPORTED_PLATFORMS = "macosx iphoneos iphonesimulator appletvos appletvsimulator watchos watchsimulator";
				SWIFT_ACTIVE_COMPILATION_CONDITIONS = SWIFT_PACKAGE;
				SWIFT_OPTIMIZATION_LEVEL = "-Onone";
				USE_HEADERMAP = NO;
			};
			name = Debug;
		};
		OBJ_4 /* Release */ = {
			isa = XCBuildConfiguration;
			buildSettings = {
				CLANG_ENABLE_OBJC_ARC = YES;
				COMBINE_HIDPI_IMAGES = YES;
				COPY_PHASE_STRIP = YES;
				DEBUG_INFORMATION_FORMAT = "dwarf-with-dsym";
				DYLIB_INSTALL_NAME_BASE = "@rpath";
				GCC_OPTIMIZATION_LEVEL = s;
				MACOSX_DEPLOYMENT_TARGET = 10.10;
				OTHER_SWIFT_FLAGS = "-DXcode";
				PRODUCT_NAME = "$(TARGET_NAME)";
				SDKROOT = macosx;
				SUPPORTED_PLATFORMS = "macosx iphoneos iphonesimulator appletvos appletvsimulator watchos watchsimulator";
				SWIFT_ACTIVE_COMPILATION_CONDITIONS = SWIFT_PACKAGE;
				SWIFT_OPTIMIZATION_LEVEL = "-Owholemodule";
				USE_HEADERMAP = NO;
			};
			name = Release;
		};
/* End XCBuildConfiguration section */

/* Begin XCConfigurationList section */
		OBJ_104 /* Build configuration list for PBXNativeTarget "StyleSyncPackageDescription" */ = {
			isa = XCConfigurationList;
			buildConfigurations = (
				OBJ_105 /* Debug */,
				OBJ_106 /* Release */,
			);
			defaultConfigurationIsVisible = 0;
			defaultConfigurationName = Debug;
		};
		OBJ_110 /* Build configuration list for PBXNativeTarget "ShellOutPackageDescription" */ = {
			isa = XCConfigurationList;
			buildConfigurations = (
				OBJ_111 /* Debug */,
				OBJ_112 /* Release */,
			);
			defaultConfigurationIsVisible = 0;
			defaultConfigurationName = Debug;
		};
		OBJ_116 /* Build configuration list for PBXNativeTarget "FilesPackageDescription" */ = {
			isa = XCConfigurationList;
			buildConfigurations = (
				OBJ_117 /* Debug */,
				OBJ_118 /* Release */,
			);
			defaultConfigurationIsVisible = 0;
			defaultConfigurationName = Debug;
		};
		OBJ_122 /* Build configuration list for PBXNativeTarget "StyleSyncTests" */ = {
			isa = XCConfigurationList;
			buildConfigurations = (
				OBJ_123 /* Debug */,
				OBJ_124 /* Release */,
			);
			defaultConfigurationIsVisible = 0;
			defaultConfigurationName = Debug;
		};
		OBJ_141 /* Build configuration list for PBXNativeTarget "StyleSync" */ = {
			isa = XCConfigurationList;
			buildConfigurations = (
				OBJ_142 /* Debug */,
				OBJ_143 /* Release */,
			);
			defaultConfigurationIsVisible = 0;
			defaultConfigurationName = Debug;
		};
		OBJ_153 /* Build configuration list for PBXNativeTarget "StyleSyncCore" */ = {
			isa = XCConfigurationList;
			buildConfigurations = (
				OBJ_154 /* Debug */,
				OBJ_155 /* Release */,
			);
			defaultConfigurationIsVisible = 0;
			defaultConfigurationName = Debug;
		};
		OBJ_2 /* Build configuration list for PBXProject "StyleSync" */ = {
			isa = XCConfigurationList;
			buildConfigurations = (
				OBJ_3 /* Debug */,
				OBJ_4 /* Release */,
			);
			defaultConfigurationIsVisible = 0;
			defaultConfigurationName = Debug;
		};
		OBJ_215 /* Build configuration list for PBXNativeTarget "ShellOut" */ = {
			isa = XCConfigurationList;
			buildConfigurations = (
				OBJ_216 /* Debug */,
				OBJ_217 /* Release */,
			);
			defaultConfigurationIsVisible = 0;
			defaultConfigurationName = Debug;
		};
		OBJ_221 /* Build configuration list for PBXNativeTarget "Files" */ = {
			isa = XCConfigurationList;
			buildConfigurations = (
				OBJ_222 /* Debug */,
				OBJ_223 /* Release */,
			);
			defaultConfigurationIsVisible = 0;
			defaultConfigurationName = Debug;
		};
		OBJ_228 /* Build configuration list for PBXAggregateTarget "StyleSyncPackageTests" */ = {
			isa = XCConfigurationList;
			buildConfigurations = (
				OBJ_229 /* Debug */,
				OBJ_230 /* Release */,
			);
			defaultConfigurationIsVisible = 0;
			defaultConfigurationName = Debug;
		};
/* End XCConfigurationList section */
	};
	rootObject = OBJ_1 /* Project object */;
}
