// !$*UTF8*$!
{
	archiveVersion = 1;
	classes = {
	};
	objectVersion = 46;
	objects = {

/* Begin PBXAggregateTarget section */
		"StyleSync::StyleSyncPackageTests::ProductTarget" /* StyleSyncPackageTests */ = {
			isa = PBXAggregateTarget;
			buildConfigurationList = OBJ_94 /* Build configuration list for PBXAggregateTarget "StyleSyncPackageTests" */;
			buildPhases = (
			);
			dependencies = (
				OBJ_97 /* PBXTargetDependency */,
			);
			name = StyleSyncPackageTests;
			productName = StyleSyncPackageTests;
		};
/* End PBXAggregateTarget section */

/* Begin PBXBuildFile section */
		65C0F0F11F5C6A3000476412 /* NSColor+Extra.swift in Sources */ = {isa = PBXBuildFile; fileRef = 65C0F0F01F5C6A3000476412 /* NSColor+Extra.swift */; };
		65C0F0F31F5C6F8700476412 /* UpdatedAttribute.swift in Sources */ = {isa = PBXBuildFile; fileRef = 65C0F0F21F5C6F8700476412 /* UpdatedAttribute.swift */; };
		65C0F0F51F5C6F9D00476412 /* UpdatedStyle.swift in Sources */ = {isa = PBXBuildFile; fileRef = 65C0F0F41F5C6F9D00476412 /* UpdatedStyle.swift */; };
		65C0F0F71F5C703500476412 /* PullRequestBody.swift in Sources */ = {isa = PBXBuildFile; fileRef = 65C0F0F61F5C703500476412 /* PullRequestBody.swift */; };
		OBJ_48 /* Package.swift in Sources */ = {isa = PBXBuildFile; fileRef = OBJ_6 /* Package.swift */; };
		OBJ_54 /* CamelcasedTests.swift in Sources */ = {isa = PBXBuildFile; fileRef = OBJ_37 /* CamelcasedTests.swift */; };
		OBJ_55 /* VersionTests.swift in Sources */ = {isa = PBXBuildFile; fileRef = OBJ_38 /* VersionTests.swift */; };
		OBJ_57 /* StyleSyncCore.framework in Frameworks */ = {isa = PBXBuildFile; fileRef = "StyleSync::StyleSyncCore::Product" /* StyleSyncCore.framework */; };
		OBJ_65 /* main.swift in Sources */ = {isa = PBXBuildFile; fileRef = OBJ_34 /* main.swift */; };
		OBJ_67 /* StyleSyncCore.framework in Frameworks */ = {isa = PBXBuildFile; fileRef = "StyleSync::StyleSyncCore::Product" /* StyleSyncCore.framework */; };
		OBJ_73 /* FileManager+Extra.swift in Sources */ = {isa = PBXBuildFile; fileRef = OBJ_10 /* FileManager+Extra.swift */; };
		OBJ_74 /* URLRequest+Extra.swift in Sources */ = {isa = PBXBuildFile; fileRef = OBJ_11 /* URLRequest+Extra.swift */; };
		OBJ_75 /* GitHubPullRequestManager.swift in Sources */ = {isa = PBXBuildFile; fileRef = OBJ_13 /* GitHubPullRequestManager.swift */; };
		OBJ_76 /* GitManager.swift in Sources */ = {isa = PBXBuildFile; fileRef = OBJ_14 /* GitManager.swift */; };
		OBJ_77 /* CodableError.swift in Sources */ = {isa = PBXBuildFile; fileRef = OBJ_16 /* CodableError.swift */; };
		OBJ_78 /* ColorStyle.swift in Sources */ = {isa = PBXBuildFile; fileRef = OBJ_17 /* ColorStyle.swift */; };
		OBJ_79 /* FileName.swift in Sources */ = {isa = PBXBuildFile; fileRef = OBJ_18 /* FileName.swift */; };
		OBJ_80 /* GitHub.swift in Sources */ = {isa = PBXBuildFile; fileRef = OBJ_19 /* GitHub.swift */; };
		OBJ_81 /* SketchDocument.swift in Sources */ = {isa = PBXBuildFile; fileRef = OBJ_20 /* SketchDocument.swift */; };
		OBJ_82 /* Style.swift in Sources */ = {isa = PBXBuildFile; fileRef = OBJ_21 /* Style.swift */; };
		OBJ_83 /* StyleParser.swift in Sources */ = {isa = PBXBuildFile; fileRef = OBJ_22 /* StyleParser.swift */; };
		OBJ_84 /* TextStyle.swift in Sources */ = {isa = PBXBuildFile; fileRef = OBJ_23 /* TextStyle.swift */; };
		OBJ_85 /* Version.swift in Sources */ = {isa = PBXBuildFile; fileRef = OBJ_24 /* Version.swift */; };
		OBJ_86 /* VersionedStyles.swift in Sources */ = {isa = PBXBuildFile; fileRef = OBJ_25 /* VersionedStyles.swift */; };
		OBJ_87 /* StyleSync.swift in Sources */ = {isa = PBXBuildFile; fileRef = OBJ_26 /* StyleSync.swift */; };
		OBJ_88 /* CodeGenerator.swift in Sources */ = {isa = PBXBuildFile; fileRef = OBJ_28 /* CodeGenerator.swift */; };
		OBJ_89 /* CodeTemplateReplaceable.swift in Sources */ = {isa = PBXBuildFile; fileRef = OBJ_29 /* CodeTemplateReplaceable.swift */; };
		OBJ_90 /* CodeNameable.swift in Sources */ = {isa = PBXBuildFile; fileRef = OBJ_31 /* CodeNameable.swift */; };
		OBJ_91 /* String+Extra.swift in Sources */ = {isa = PBXBuildFile; fileRef = OBJ_32 /* String+Extra.swift */; };
/* End PBXBuildFile section */

/* Begin PBXContainerItemProxy section */
		65C0F0ED1F5C620400476412 /* PBXContainerItemProxy */ = {
			isa = PBXContainerItemProxy;
			containerPortal = OBJ_1 /* Project object */;
			proxyType = 1;
			remoteGlobalIDString = "StyleSync::StyleSyncCore";
			remoteInfo = StyleSyncCore;
		};
		65C0F0EE1F5C620400476412 /* PBXContainerItemProxy */ = {
			isa = PBXContainerItemProxy;
			containerPortal = OBJ_1 /* Project object */;
			proxyType = 1;
			remoteGlobalIDString = "StyleSync::StyleSyncCore";
			remoteInfo = StyleSyncCore;
		};
		65C0F0EF1F5C620700476412 /* PBXContainerItemProxy */ = {
			isa = PBXContainerItemProxy;
			containerPortal = OBJ_1 /* Project object */;
			proxyType = 1;
			remoteGlobalIDString = "StyleSync::StyleSyncTests";
			remoteInfo = StyleSyncTests;
		};
/* End PBXContainerItemProxy section */

/* Begin PBXFileReference section */
		65C0F0F01F5C6A3000476412 /* NSColor+Extra.swift */ = {isa = PBXFileReference; lastKnownFileType = sourcecode.swift; path = "NSColor+Extra.swift"; sourceTree = "<group>"; };
		65C0F0F21F5C6F8700476412 /* UpdatedAttribute.swift */ = {isa = PBXFileReference; lastKnownFileType = sourcecode.swift; path = UpdatedAttribute.swift; sourceTree = "<group>"; };
		65C0F0F41F5C6F9D00476412 /* UpdatedStyle.swift */ = {isa = PBXFileReference; lastKnownFileType = sourcecode.swift; path = UpdatedStyle.swift; sourceTree = "<group>"; };
		65C0F0F61F5C703500476412 /* PullRequestBody.swift */ = {isa = PBXFileReference; lastKnownFileType = sourcecode.swift; path = PullRequestBody.swift; sourceTree = "<group>"; };
		OBJ_10 /* FileManager+Extra.swift */ = {isa = PBXFileReference; lastKnownFileType = sourcecode.swift; path = "FileManager+Extra.swift"; sourceTree = "<group>"; };
		OBJ_11 /* URLRequest+Extra.swift */ = {isa = PBXFileReference; lastKnownFileType = sourcecode.swift; path = "URLRequest+Extra.swift"; sourceTree = "<group>"; };
		OBJ_13 /* GitHubPullRequestManager.swift */ = {isa = PBXFileReference; lastKnownFileType = sourcecode.swift; path = GitHubPullRequestManager.swift; sourceTree = "<group>"; };
		OBJ_14 /* GitManager.swift */ = {isa = PBXFileReference; lastKnownFileType = sourcecode.swift; path = GitManager.swift; sourceTree = "<group>"; };
		OBJ_16 /* CodableError.swift */ = {isa = PBXFileReference; lastKnownFileType = sourcecode.swift; path = CodableError.swift; sourceTree = "<group>"; };
		OBJ_17 /* ColorStyle.swift */ = {isa = PBXFileReference; lastKnownFileType = sourcecode.swift; path = ColorStyle.swift; sourceTree = "<group>"; };
		OBJ_18 /* FileName.swift */ = {isa = PBXFileReference; lastKnownFileType = sourcecode.swift; path = FileName.swift; sourceTree = "<group>"; };
		OBJ_19 /* GitHub.swift */ = {isa = PBXFileReference; lastKnownFileType = sourcecode.swift; path = GitHub.swift; sourceTree = "<group>"; };
		OBJ_20 /* SketchDocument.swift */ = {isa = PBXFileReference; lastKnownFileType = sourcecode.swift; path = SketchDocument.swift; sourceTree = "<group>"; };
		OBJ_21 /* Style.swift */ = {isa = PBXFileReference; lastKnownFileType = sourcecode.swift; path = Style.swift; sourceTree = "<group>"; };
		OBJ_22 /* StyleParser.swift */ = {isa = PBXFileReference; lastKnownFileType = sourcecode.swift; path = StyleParser.swift; sourceTree = "<group>"; };
		OBJ_23 /* TextStyle.swift */ = {isa = PBXFileReference; lastKnownFileType = sourcecode.swift; path = TextStyle.swift; sourceTree = "<group>"; };
		OBJ_24 /* Version.swift */ = {isa = PBXFileReference; lastKnownFileType = sourcecode.swift; path = Version.swift; sourceTree = "<group>"; };
		OBJ_25 /* VersionedStyles.swift */ = {isa = PBXFileReference; lastKnownFileType = sourcecode.swift; path = VersionedStyles.swift; sourceTree = "<group>"; };
		OBJ_26 /* StyleSync.swift */ = {isa = PBXFileReference; lastKnownFileType = sourcecode.swift; path = StyleSync.swift; sourceTree = "<group>"; };
		OBJ_28 /* CodeGenerator.swift */ = {isa = PBXFileReference; lastKnownFileType = sourcecode.swift; path = CodeGenerator.swift; sourceTree = "<group>"; };
		OBJ_29 /* CodeTemplateReplaceable.swift */ = {isa = PBXFileReference; lastKnownFileType = sourcecode.swift; path = CodeTemplateReplaceable.swift; sourceTree = "<group>"; };
		OBJ_31 /* CodeNameable.swift */ = {isa = PBXFileReference; lastKnownFileType = sourcecode.swift; path = CodeNameable.swift; sourceTree = "<group>"; };
		OBJ_32 /* String+Extra.swift */ = {isa = PBXFileReference; lastKnownFileType = sourcecode.swift; path = "String+Extra.swift"; sourceTree = "<group>"; };
		OBJ_34 /* main.swift */ = {isa = PBXFileReference; lastKnownFileType = sourcecode.swift; path = main.swift; sourceTree = "<group>"; };
		OBJ_37 /* CamelcasedTests.swift */ = {isa = PBXFileReference; lastKnownFileType = sourcecode.swift; path = CamelcasedTests.swift; sourceTree = "<group>"; };
		OBJ_38 /* VersionTests.swift */ = {isa = PBXFileReference; lastKnownFileType = sourcecode.swift; path = VersionTests.swift; sourceTree = "<group>"; };
		OBJ_6 /* Package.swift */ = {isa = PBXFileReference; explicitFileType = sourcecode.swift; path = Package.swift; sourceTree = "<group>"; };
		"StyleSync::StyleSync::Product" /* StyleSync */ = {isa = PBXFileReference; lastKnownFileType = text; path = StyleSync; sourceTree = BUILT_PRODUCTS_DIR; };
		"StyleSync::StyleSyncCore::Product" /* StyleSyncCore.framework */ = {isa = PBXFileReference; explicitFileType = wrapper.framework; path = StyleSyncCore.framework; sourceTree = BUILT_PRODUCTS_DIR; };
		"StyleSync::StyleSyncTests::Product" /* StyleSyncTests.xctest */ = {isa = PBXFileReference; lastKnownFileType = file; path = StyleSyncTests.xctest; sourceTree = BUILT_PRODUCTS_DIR; };
/* End PBXFileReference section */

/* Begin PBXFrameworksBuildPhase section */
		OBJ_56 /* Frameworks */ = {
			isa = PBXFrameworksBuildPhase;
			buildActionMask = 0;
			files = (
				OBJ_57 /* StyleSyncCore.framework in Frameworks */,
			);
			runOnlyForDeploymentPostprocessing = 0;
		};
		OBJ_66 /* Frameworks */ = {
			isa = PBXFrameworksBuildPhase;
			buildActionMask = 0;
			files = (
				OBJ_67 /* StyleSyncCore.framework in Frameworks */,
			);
			runOnlyForDeploymentPostprocessing = 0;
		};
		OBJ_92 /* Frameworks */ = {
			isa = PBXFrameworksBuildPhase;
			buildActionMask = 0;
			files = (
			);
			runOnlyForDeploymentPostprocessing = 0;
		};
/* End PBXFrameworksBuildPhase section */

/* Begin PBXGroup section */
		OBJ_12 /* Managers */ = {
			isa = PBXGroup;
			children = (
				OBJ_13 /* GitHubPullRequestManager.swift */,
				OBJ_14 /* GitManager.swift */,
			);
			path = Managers;
			sourceTree = "<group>";
		};
		OBJ_15 /* Model */ = {
			isa = PBXGroup;
			children = (
				OBJ_16 /* CodableError.swift */,
				OBJ_17 /* ColorStyle.swift */,
				OBJ_18 /* FileName.swift */,
				OBJ_19 /* GitHub.swift */,
				OBJ_20 /* SketchDocument.swift */,
				OBJ_21 /* Style.swift */,
				OBJ_22 /* StyleParser.swift */,
				OBJ_23 /* TextStyle.swift */,
				OBJ_24 /* Version.swift */,
				OBJ_25 /* VersionedStyles.swift */,
				65C0F0F41F5C6F9D00476412 /* UpdatedStyle.swift */,
				65C0F0F21F5C6F8700476412 /* UpdatedAttribute.swift */,
				65C0F0F61F5C703500476412 /* PullRequestBody.swift */,
			);
			path = Model;
			sourceTree = "<group>";
		};
		OBJ_27 /* Templates */ = {
			isa = PBXGroup;
			children = (
				OBJ_28 /* CodeGenerator.swift */,
				OBJ_29 /* CodeTemplateReplaceable.swift */,
			);
			path = Templates;
			sourceTree = "<group>";
		};
		OBJ_30 /* Utilities */ = {
			isa = PBXGroup;
			children = (
				OBJ_31 /* CodeNameable.swift */,
				OBJ_32 /* String+Extra.swift */,
			);
			path = Utilities;
			sourceTree = "<group>";
		};
		OBJ_33 /* StyleSync */ = {
			isa = PBXGroup;
			children = (
				OBJ_34 /* main.swift */,
			);
			name = StyleSync;
			path = Sources/StyleSync;
			sourceTree = SOURCE_ROOT;
		};
		OBJ_35 /* Tests */ = {
			isa = PBXGroup;
			children = (
				OBJ_36 /* StyleSyncTests */,
			);
			name = Tests;
			sourceTree = SOURCE_ROOT;
		};
		OBJ_36 /* StyleSyncTests */ = {
			isa = PBXGroup;
			children = (
				OBJ_37 /* CamelcasedTests.swift */,
				OBJ_38 /* VersionTests.swift */,
			);
			name = StyleSyncTests;
			path = Tests/StyleSyncTests;
			sourceTree = SOURCE_ROOT;
		};
		OBJ_39 /* Products */ = {
			isa = PBXGroup;
			children = (
				"StyleSync::StyleSyncTests::Product" /* StyleSyncTests.xctest */,
				"StyleSync::StyleSync::Product" /* StyleSync */,
				"StyleSync::StyleSyncCore::Product" /* StyleSyncCore.framework */,
			);
			name = Products;
			sourceTree = BUILT_PRODUCTS_DIR;
		};
		OBJ_5 /*  */ = {
			isa = PBXGroup;
			children = (
				OBJ_6 /* Package.swift */,
				OBJ_7 /* Sources */,
				OBJ_35 /* Tests */,
				OBJ_39 /* Products */,
			);
			name = "";
			sourceTree = "<group>";
		};
		OBJ_7 /* Sources */ = {
			isa = PBXGroup;
			children = (
				OBJ_8 /* StyleSyncCore */,
				OBJ_33 /* StyleSync */,
			);
			name = Sources;
			sourceTree = SOURCE_ROOT;
		};
		OBJ_8 /* StyleSyncCore */ = {
			isa = PBXGroup;
			children = (
				OBJ_9 /* Extensions */,
				OBJ_12 /* Managers */,
				OBJ_15 /* Model */,
				OBJ_26 /* StyleSync.swift */,
				OBJ_27 /* Templates */,
				OBJ_30 /* Utilities */,
			);
			name = StyleSyncCore;
			path = Sources/StyleSyncCore;
			sourceTree = SOURCE_ROOT;
		};
		OBJ_9 /* Extensions */ = {
			isa = PBXGroup;
			children = (
				OBJ_10 /* FileManager+Extra.swift */,
				OBJ_11 /* URLRequest+Extra.swift */,
				65C0F0F01F5C6A3000476412 /* NSColor+Extra.swift */,
			);
			path = Extensions;
			sourceTree = "<group>";
		};
/* End PBXGroup section */

/* Begin PBXNativeTarget section */
		"StyleSync::StyleSync" /* StyleSync */ = {
			isa = PBXNativeTarget;
			buildConfigurationList = OBJ_61 /* Build configuration list for PBXNativeTarget "StyleSync" */;
			buildPhases = (
				OBJ_64 /* Sources */,
				OBJ_66 /* Frameworks */,
			);
			buildRules = (
			);
			dependencies = (
				OBJ_68 /* PBXTargetDependency */,
			);
			name = StyleSync;
			productName = StyleSync;
			productReference = "StyleSync::StyleSync::Product" /* StyleSync */;
			productType = "com.apple.product-type.tool";
		};
		"StyleSync::StyleSyncCore" /* StyleSyncCore */ = {
			isa = PBXNativeTarget;
			buildConfigurationList = OBJ_69 /* Build configuration list for PBXNativeTarget "StyleSyncCore" */;
			buildPhases = (
				OBJ_72 /* Sources */,
				OBJ_92 /* Frameworks */,
			);
			buildRules = (
			);
			dependencies = (
			);
			name = StyleSyncCore;
			productName = StyleSyncCore;
			productReference = "StyleSync::StyleSyncCore::Product" /* StyleSyncCore.framework */;
			productType = "com.apple.product-type.framework";
		};
		"StyleSync::StyleSyncTests" /* StyleSyncTests */ = {
			isa = PBXNativeTarget;
			buildConfigurationList = OBJ_50 /* Build configuration list for PBXNativeTarget "StyleSyncTests" */;
			buildPhases = (
				OBJ_53 /* Sources */,
				OBJ_56 /* Frameworks */,
			);
			buildRules = (
			);
			dependencies = (
				OBJ_58 /* PBXTargetDependency */,
			);
			name = StyleSyncTests;
			productName = StyleSyncTests;
			productReference = "StyleSync::StyleSyncTests::Product" /* StyleSyncTests.xctest */;
			productType = "com.apple.product-type.bundle.unit-test";
		};
		"StyleSync::SwiftPMPackageDescription" /* StyleSyncPackageDescription */ = {
			isa = PBXNativeTarget;
			buildConfigurationList = OBJ_44 /* Build configuration list for PBXNativeTarget "StyleSyncPackageDescription" */;
			buildPhases = (
				OBJ_47 /* Sources */,
			);
			buildRules = (
			);
			dependencies = (
			);
			name = StyleSyncPackageDescription;
			productName = StyleSyncPackageDescription;
			productType = "com.apple.product-type.framework";
		};
/* End PBXNativeTarget section */

/* Begin PBXProject section */
		OBJ_1 /* Project object */ = {
			isa = PBXProject;
			attributes = {
				LastUpgradeCheck = 9999;
			};
			buildConfigurationList = OBJ_2 /* Build configuration list for PBXProject "StyleSync" */;
			compatibilityVersion = "Xcode 3.2";
			developmentRegion = English;
			hasScannedForEncodings = 0;
			knownRegions = (
				en,
			);
			mainGroup = OBJ_5 /*  */;
			productRefGroup = OBJ_39 /* Products */;
			projectDirPath = "";
			projectRoot = "";
			targets = (
				"StyleSync::SwiftPMPackageDescription" /* StyleSyncPackageDescription */,
				"StyleSync::StyleSyncTests" /* StyleSyncTests */,
				"StyleSync::StyleSync" /* StyleSync */,
				"StyleSync::StyleSyncCore" /* StyleSyncCore */,
				"StyleSync::StyleSyncPackageTests::ProductTarget" /* StyleSyncPackageTests */,
			);
		};
/* End PBXProject section */

/* Begin PBXSourcesBuildPhase section */
		OBJ_47 /* Sources */ = {
			isa = PBXSourcesBuildPhase;
			buildActionMask = 0;
			files = (
				OBJ_48 /* Package.swift in Sources */,
			);
			runOnlyForDeploymentPostprocessing = 0;
		};
		OBJ_53 /* Sources */ = {
			isa = PBXSourcesBuildPhase;
			buildActionMask = 0;
			files = (
				OBJ_54 /* CamelcasedTests.swift in Sources */,
				OBJ_55 /* VersionTests.swift in Sources */,
			);
			runOnlyForDeploymentPostprocessing = 0;
		};
		OBJ_64 /* Sources */ = {
			isa = PBXSourcesBuildPhase;
			buildActionMask = 0;
			files = (
				OBJ_65 /* main.swift in Sources */,
			);
			runOnlyForDeploymentPostprocessing = 0;
		};
		OBJ_72 /* Sources */ = {
			isa = PBXSourcesBuildPhase;
			buildActionMask = 0;
			files = (
				OBJ_73 /* FileManager+Extra.swift in Sources */,
				OBJ_74 /* URLRequest+Extra.swift in Sources */,
				OBJ_75 /* GitHubPullRequestManager.swift in Sources */,
				65C0F0F31F5C6F8700476412 /* UpdatedAttribute.swift in Sources */,
				OBJ_76 /* GitManager.swift in Sources */,
				OBJ_77 /* CodableError.swift in Sources */,
				OBJ_78 /* ColorStyle.swift in Sources */,
				OBJ_79 /* FileName.swift in Sources */,
				OBJ_80 /* GitHub.swift in Sources */,
				OBJ_81 /* SketchDocument.swift in Sources */,
				OBJ_82 /* Style.swift in Sources */,
				65C0F0F71F5C703500476412 /* PullRequestBody.swift in Sources */,
				OBJ_83 /* StyleParser.swift in Sources */,
				OBJ_84 /* TextStyle.swift in Sources */,
				OBJ_85 /* Version.swift in Sources */,
				65C0F0F11F5C6A3000476412 /* NSColor+Extra.swift in Sources */,
				OBJ_86 /* VersionedStyles.swift in Sources */,
				OBJ_87 /* StyleSync.swift in Sources */,
				OBJ_88 /* CodeGenerator.swift in Sources */,
				OBJ_89 /* CodeTemplateReplaceable.swift in Sources */,
				65C0F0F51F5C6F9D00476412 /* UpdatedStyle.swift in Sources */,
				OBJ_90 /* CodeNameable.swift in Sources */,
				OBJ_91 /* String+Extra.swift in Sources */,
			);
			runOnlyForDeploymentPostprocessing = 0;
		};
/* End PBXSourcesBuildPhase section */

/* Begin PBXTargetDependency section */
		OBJ_58 /* PBXTargetDependency */ = {
			isa = PBXTargetDependency;
			target = "StyleSync::StyleSyncCore" /* StyleSyncCore */;
			targetProxy = 65C0F0EE1F5C620400476412 /* PBXContainerItemProxy */;
		};
		OBJ_68 /* PBXTargetDependency */ = {
			isa = PBXTargetDependency;
			target = "StyleSync::StyleSyncCore" /* StyleSyncCore */;
			targetProxy = 65C0F0ED1F5C620400476412 /* PBXContainerItemProxy */;
		};
		OBJ_97 /* PBXTargetDependency */ = {
			isa = PBXTargetDependency;
			target = "StyleSync::StyleSyncTests" /* StyleSyncTests */;
			targetProxy = 65C0F0EF1F5C620700476412 /* PBXContainerItemProxy */;
		};
/* End PBXTargetDependency section */

/* Begin XCBuildConfiguration section */
		OBJ_3 /* Debug */ = {
			isa = XCBuildConfiguration;
			buildSettings = {
				CLANG_ENABLE_OBJC_ARC = YES;
				COMBINE_HIDPI_IMAGES = YES;
				COPY_PHASE_STRIP = NO;
				DEBUG_INFORMATION_FORMAT = dwarf;
				DYLIB_INSTALL_NAME_BASE = "@rpath";
				ENABLE_NS_ASSERTIONS = YES;
				GCC_OPTIMIZATION_LEVEL = 0;
				MACOSX_DEPLOYMENT_TARGET = 10.10;
				ONLY_ACTIVE_ARCH = YES;
				OTHER_SWIFT_FLAGS = "-DXcode";
				PRODUCT_NAME = "$(TARGET_NAME)";
				SDKROOT = macosx;
				SUPPORTED_PLATFORMS = "macosx iphoneos iphonesimulator appletvos appletvsimulator watchos watchsimulator";
				SWIFT_ACTIVE_COMPILATION_CONDITIONS = SWIFT_PACKAGE;
				SWIFT_OPTIMIZATION_LEVEL = "-Onone";
				USE_HEADERMAP = NO;
			};
			name = Debug;
		};
		OBJ_4 /* Release */ = {
			isa = XCBuildConfiguration;
			buildSettings = {
				CLANG_ENABLE_OBJC_ARC = YES;
				COMBINE_HIDPI_IMAGES = YES;
				COPY_PHASE_STRIP = YES;
				DEBUG_INFORMATION_FORMAT = "dwarf-with-dsym";
				DYLIB_INSTALL_NAME_BASE = "@rpath";
				GCC_OPTIMIZATION_LEVEL = s;
				MACOSX_DEPLOYMENT_TARGET = 10.10;
				OTHER_SWIFT_FLAGS = "-DXcode";
				PRODUCT_NAME = "$(TARGET_NAME)";
				SDKROOT = macosx;
				SUPPORTED_PLATFORMS = "macosx iphoneos iphonesimulator appletvos appletvsimulator watchos watchsimulator";
				SWIFT_ACTIVE_COMPILATION_CONDITIONS = SWIFT_PACKAGE;
				SWIFT_OPTIMIZATION_LEVEL = "-Owholemodule";
				USE_HEADERMAP = NO;
			};
			name = Release;
		};
		OBJ_45 /* Debug */ = {
			isa = XCBuildConfiguration;
			buildSettings = {
				LD = /usr/bin/true;
				OTHER_SWIFT_FLAGS = "-swift-version 4 -I /Applications/Xcode-beta.app/Contents/Developer/Toolchains/XcodeDefault.xctoolchain/usr/lib/swift/pm/4 -target x86_64-apple-macosx10.10 -sdk /Applications/Xcode-beta.app/Contents/Developer/Platforms/MacOSX.platform/Developer/SDKs/MacOSX10.13.sdk";
				SWIFT_VERSION = 4.0;
			};
			name = Debug;
		};
		OBJ_46 /* Release */ = {
			isa = XCBuildConfiguration;
			buildSettings = {
				LD = /usr/bin/true;
				OTHER_SWIFT_FLAGS = "-swift-version 4 -I /Applications/Xcode-beta.app/Contents/Developer/Toolchains/XcodeDefault.xctoolchain/usr/lib/swift/pm/4 -target x86_64-apple-macosx10.10 -sdk /Applications/Xcode-beta.app/Contents/Developer/Platforms/MacOSX.platform/Developer/SDKs/MacOSX10.13.sdk";
				SWIFT_VERSION = 4.0;
			};
			name = Release;
		};
		OBJ_51 /* Debug */ = {
			isa = XCBuildConfiguration;
			buildSettings = {
				EMBEDDED_CONTENT_CONTAINS_SWIFT = YES;
				FRAMEWORK_SEARCH_PATHS = (
					"$(inherited)",
					"$(PLATFORM_DIR)/Developer/Library/Frameworks",
				);
				HEADER_SEARCH_PATHS = "$(inherited)";
				INFOPLIST_FILE = StyleSync.xcodeproj/StyleSyncTests_Info.plist;
				LD_RUNPATH_SEARCH_PATHS = "@loader_path/../Frameworks @loader_path/Frameworks";
				OTHER_LDFLAGS = "$(inherited)";
				OTHER_SWIFT_FLAGS = "$(inherited)";
				SWIFT_VERSION = 4.0;
				TARGET_NAME = StyleSyncTests;
			};
			name = Debug;
		};
		OBJ_52 /* Release */ = {
			isa = XCBuildConfiguration;
			buildSettings = {
				EMBEDDED_CONTENT_CONTAINS_SWIFT = YES;
				FRAMEWORK_SEARCH_PATHS = (
					"$(inherited)",
					"$(PLATFORM_DIR)/Developer/Library/Frameworks",
				);
				HEADER_SEARCH_PATHS = "$(inherited)";
				INFOPLIST_FILE = StyleSync.xcodeproj/StyleSyncTests_Info.plist;
				LD_RUNPATH_SEARCH_PATHS = "@loader_path/../Frameworks @loader_path/Frameworks";
				OTHER_LDFLAGS = "$(inherited)";
				OTHER_SWIFT_FLAGS = "$(inherited)";
				SWIFT_VERSION = 4.0;
				TARGET_NAME = StyleSyncTests;
			};
			name = Release;
		};
		OBJ_62 /* Debug */ = {
			isa = XCBuildConfiguration;
			buildSettings = {
				FRAMEWORK_SEARCH_PATHS = (
					"$(inherited)",
					"$(PLATFORM_DIR)/Developer/Library/Frameworks",
				);
				HEADER_SEARCH_PATHS = "$(inherited)";
				INFOPLIST_FILE = StyleSync.xcodeproj/StyleSync_Info.plist;
				LD_RUNPATH_SEARCH_PATHS = "$(TOOLCHAIN_DIR)/usr/lib/swift/macosx @executable_path";
				OTHER_LDFLAGS = "$(inherited)";
				OTHER_SWIFT_FLAGS = "$(inherited)";
				SWIFT_FORCE_DYNAMIC_LINK_STDLIB = YES;
				SWIFT_FORCE_STATIC_LINK_STDLIB = NO;
				SWIFT_VERSION = 4.0;
				TARGET_NAME = StyleSync;
			};
			name = Debug;
		};
		OBJ_63 /* Release */ = {
			isa = XCBuildConfiguration;
			buildSettings = {
				FRAMEWORK_SEARCH_PATHS = (
					"$(inherited)",
					"$(PLATFORM_DIR)/Developer/Library/Frameworks",
				);
				HEADER_SEARCH_PATHS = "$(inherited)";
				INFOPLIST_FILE = StyleSync.xcodeproj/StyleSync_Info.plist;
				LD_RUNPATH_SEARCH_PATHS = "$(TOOLCHAIN_DIR)/usr/lib/swift/macosx @executable_path";
				OTHER_LDFLAGS = "$(inherited)";
				OTHER_SWIFT_FLAGS = "$(inherited)";
				SWIFT_FORCE_DYNAMIC_LINK_STDLIB = YES;
				SWIFT_FORCE_STATIC_LINK_STDLIB = NO;
				SWIFT_VERSION = 4.0;
				TARGET_NAME = StyleSync;
			};
			name = Release;
		};
		OBJ_70 /* Debug */ = {
			isa = XCBuildConfiguration;
			buildSettings = {
				ENABLE_TESTABILITY = YES;
				FRAMEWORK_SEARCH_PATHS = (
					"$(inherited)",
					"$(PLATFORM_DIR)/Developer/Library/Frameworks",
				);
				HEADER_SEARCH_PATHS = "$(inherited)";
				INFOPLIST_FILE = StyleSync.xcodeproj/StyleSyncCore_Info.plist;
				LD_RUNPATH_SEARCH_PATHS = "$(TOOLCHAIN_DIR)/usr/lib/swift/macosx";
				OTHER_LDFLAGS = "$(inherited)";
				OTHER_SWIFT_FLAGS = "$(inherited)";
				PRODUCT_BUNDLE_IDENTIFIER = StyleSyncCore;
				PRODUCT_MODULE_NAME = "$(TARGET_NAME:c99extidentifier)";
				PRODUCT_NAME = "$(TARGET_NAME:c99extidentifier)";
				SKIP_INSTALL = YES;
				SWIFT_VERSION = 4.0;
				TARGET_NAME = StyleSyncCore;
			};
			name = Debug;
		};
		OBJ_71 /* Release */ = {
			isa = XCBuildConfiguration;
			buildSettings = {
				ENABLE_TESTABILITY = YES;
				FRAMEWORK_SEARCH_PATHS = (
					"$(inherited)",
					"$(PLATFORM_DIR)/Developer/Library/Frameworks",
				);
				HEADER_SEARCH_PATHS = "$(inherited)";
				INFOPLIST_FILE = StyleSync.xcodeproj/StyleSyncCore_Info.plist;
				LD_RUNPATH_SEARCH_PATHS = "$(TOOLCHAIN_DIR)/usr/lib/swift/macosx";
				OTHER_LDFLAGS = "$(inherited)";
				OTHER_SWIFT_FLAGS = "$(inherited)";
				PRODUCT_BUNDLE_IDENTIFIER = StyleSyncCore;
				PRODUCT_MODULE_NAME = "$(TARGET_NAME:c99extidentifier)";
				PRODUCT_NAME = "$(TARGET_NAME:c99extidentifier)";
				SKIP_INSTALL = YES;
				SWIFT_VERSION = 4.0;
				TARGET_NAME = StyleSyncCore;
			};
			name = Release;
		};
		OBJ_95 /* Debug */ = {
			isa = XCBuildConfiguration;
			buildSettings = {
			};
			name = Debug;
		};
		OBJ_96 /* Release */ = {
			isa = XCBuildConfiguration;
			buildSettings = {
			};
			name = Release;
		};
/* End XCBuildConfiguration section */

/* Begin XCConfigurationList section */
		OBJ_2 /* Build configuration list for PBXProject "StyleSync" */ = {
			isa = XCConfigurationList;
			buildConfigurations = (
				OBJ_3 /* Debug */,
				OBJ_4 /* Release */,
			);
			defaultConfigurationIsVisible = 0;
			defaultConfigurationName = Debug;
		};
		OBJ_44 /* Build configuration list for PBXNativeTarget "StyleSyncPackageDescription" */ = {
			isa = XCConfigurationList;
			buildConfigurations = (
				OBJ_45 /* Debug */,
				OBJ_46 /* Release */,
			);
			defaultConfigurationIsVisible = 0;
			defaultConfigurationName = Debug;
		};
		OBJ_50 /* Build configuration list for PBXNativeTarget "StyleSyncTests" */ = {
			isa = XCConfigurationList;
			buildConfigurations = (
				OBJ_51 /* Debug */,
				OBJ_52 /* Release */,
			);
			defaultConfigurationIsVisible = 0;
			defaultConfigurationName = Debug;
		};
		OBJ_61 /* Build configuration list for PBXNativeTarget "StyleSync" */ = {
			isa = XCConfigurationList;
			buildConfigurations = (
				OBJ_62 /* Debug */,
				OBJ_63 /* Release */,
			);
			defaultConfigurationIsVisible = 0;
			defaultConfigurationName = Debug;
		};
		OBJ_69 /* Build configuration list for PBXNativeTarget "StyleSyncCore" */ = {
			isa = XCConfigurationList;
			buildConfigurations = (
				OBJ_70 /* Debug */,
				OBJ_71 /* Release */,
			);
			defaultConfigurationIsVisible = 0;
			defaultConfigurationName = Debug;
		};
		OBJ_94 /* Build configuration list for PBXAggregateTarget "StyleSyncPackageTests" */ = {
			isa = XCConfigurationList;
			buildConfigurations = (
				OBJ_95 /* Debug */,
				OBJ_96 /* Release */,
			);
			defaultConfigurationIsVisible = 0;
			defaultConfigurationName = Debug;
		};
/* End XCConfigurationList section */
	};
	rootObject = OBJ_1 /* Project object */;
}
