// !$*UTF8*$!
{
	archiveVersion = 1;
	classes = {
	};
	objectVersion = 46;
	objects = {

/* Begin PBXAggregateTarget section */
		"StyleSync::StyleSyncPackageTests::ProductTarget" /* StyleSyncPackageTests */ = {
			isa = PBXAggregateTarget;
			buildConfigurationList = OBJ_78 /* Build configuration list for PBXAggregateTarget "StyleSyncPackageTests" */;
			buildPhases = (
			);
			dependencies = (
				OBJ_81 /* PBXTargetDependency */,
			);
			name = StyleSyncPackageTests;
			productName = StyleSyncPackageTests;
		};
/* End PBXAggregateTarget section */

/* Begin PBXBuildFile section */
		OBJ_39 /* Package.swift in Sources */ = {isa = PBXBuildFile; fileRef = OBJ_6 /* Package.swift */; };
		OBJ_45 /* StyleSyncTests.swift in Sources */ = {isa = PBXBuildFile; fileRef = OBJ_29 /* StyleSyncTests.swift */; };
		OBJ_47 /* StyleSyncCore.framework in Frameworks */ = {isa = PBXBuildFile; fileRef = "StyleSync::StyleSyncCore::Product" /* StyleSyncCore.framework */; };
		OBJ_55 /* main.swift in Sources */ = {isa = PBXBuildFile; fileRef = OBJ_26 /* main.swift */; };
		OBJ_57 /* StyleSyncCore.framework in Frameworks */ = {isa = PBXBuildFile; fileRef = "StyleSync::StyleSyncCore::Product" /* StyleSyncCore.framework */; };
		OBJ_63 /* CodableError.swift in Sources */ = {isa = PBXBuildFile; fileRef = OBJ_10 /* CodableError.swift */; };
		OBJ_64 /* ColorStyle.swift in Sources */ = {isa = PBXBuildFile; fileRef = OBJ_11 /* ColorStyle.swift */; };
		OBJ_65 /* SketchDocument.swift in Sources */ = {isa = PBXBuildFile; fileRef = OBJ_12 /* SketchDocument.swift */; };
		OBJ_66 /* Style.swift in Sources */ = {isa = PBXBuildFile; fileRef = OBJ_13 /* Style.swift */; };
		OBJ_67 /* StyleParser.swift in Sources */ = {isa = PBXBuildFile; fileRef = OBJ_14 /* StyleParser.swift */; };
		OBJ_68 /* TextStyle.swift in Sources */ = {isa = PBXBuildFile; fileRef = OBJ_15 /* TextStyle.swift */; };
		OBJ_69 /* Version.swift in Sources */ = {isa = PBXBuildFile; fileRef = OBJ_16 /* Version.swift */; };
		OBJ_70 /* VersionedStyles.swift in Sources */ = {isa = PBXBuildFile; fileRef = OBJ_17 /* VersionedStyles.swift */; };
		OBJ_71 /* StyleSync.swift in Sources */ = {isa = PBXBuildFile; fileRef = OBJ_18 /* StyleSync.swift */; };
		OBJ_72 /* CodeGenerator.swift in Sources */ = {isa = PBXBuildFile; fileRef = OBJ_20 /* CodeGenerator.swift */; };
		OBJ_73 /* CodeTemplateReplaceable.swift in Sources */ = {isa = PBXBuildFile; fileRef = OBJ_21 /* CodeTemplateReplaceable.swift */; };
		OBJ_74 /* CodeNameable.swift in Sources */ = {isa = PBXBuildFile; fileRef = OBJ_23 /* CodeNameable.swift */; };
		OBJ_75 /* String+Extra.swift in Sources */ = {isa = PBXBuildFile; fileRef = OBJ_24 /* String+Extra.swift */; };
/* End PBXBuildFile section */

/* Begin PBXContainerItemProxy section */
		65009A491F56012200B31BD2 /* PBXContainerItemProxy */ = {
			isa = PBXContainerItemProxy;
			containerPortal = OBJ_1 /* Project object */;
			proxyType = 1;
			remoteGlobalIDString = "StyleSync::StyleSyncCore";
			remoteInfo = StyleSyncCore;
		};
		65009A4A1F56012200B31BD2 /* PBXContainerItemProxy */ = {
			isa = PBXContainerItemProxy;
			containerPortal = OBJ_1 /* Project object */;
			proxyType = 1;
			remoteGlobalIDString = "StyleSync::StyleSyncCore";
			remoteInfo = StyleSyncCore;
		};
		65009A4B1F56012600B31BD2 /* PBXContainerItemProxy */ = {
			isa = PBXContainerItemProxy;
			containerPortal = OBJ_1 /* Project object */;
			proxyType = 1;
			remoteGlobalIDString = "StyleSync::StyleSyncTests";
			remoteInfo = StyleSyncTests;
		};
/* End PBXContainerItemProxy section */

/* Begin PBXFileReference section */
		OBJ_10 /* CodableError.swift */ = {isa = PBXFileReference; lastKnownFileType = sourcecode.swift; path = CodableError.swift; sourceTree = "<group>"; };
		OBJ_11 /* ColorStyle.swift */ = {isa = PBXFileReference; lastKnownFileType = sourcecode.swift; path = ColorStyle.swift; sourceTree = "<group>"; };
		OBJ_12 /* SketchDocument.swift */ = {isa = PBXFileReference; lastKnownFileType = sourcecode.swift; path = SketchDocument.swift; sourceTree = "<group>"; };
		OBJ_13 /* Style.swift */ = {isa = PBXFileReference; lastKnownFileType = sourcecode.swift; path = Style.swift; sourceTree = "<group>"; };
		OBJ_14 /* StyleParser.swift */ = {isa = PBXFileReference; lastKnownFileType = sourcecode.swift; path = StyleParser.swift; sourceTree = "<group>"; };
		OBJ_15 /* TextStyle.swift */ = {isa = PBXFileReference; lastKnownFileType = sourcecode.swift; path = TextStyle.swift; sourceTree = "<group>"; };
		OBJ_16 /* Version.swift */ = {isa = PBXFileReference; lastKnownFileType = sourcecode.swift; path = Version.swift; sourceTree = "<group>"; };
		OBJ_17 /* VersionedStyles.swift */ = {isa = PBXFileReference; lastKnownFileType = sourcecode.swift; path = VersionedStyles.swift; sourceTree = "<group>"; };
		OBJ_18 /* StyleSync.swift */ = {isa = PBXFileReference; lastKnownFileType = sourcecode.swift; path = StyleSync.swift; sourceTree = "<group>"; };
		OBJ_20 /* CodeGenerator.swift */ = {isa = PBXFileReference; lastKnownFileType = sourcecode.swift; path = CodeGenerator.swift; sourceTree = "<group>"; };
		OBJ_21 /* CodeTemplateReplaceable.swift */ = {isa = PBXFileReference; lastKnownFileType = sourcecode.swift; path = CodeTemplateReplaceable.swift; sourceTree = "<group>"; };
		OBJ_23 /* CodeNameable.swift */ = {isa = PBXFileReference; lastKnownFileType = sourcecode.swift; path = CodeNameable.swift; sourceTree = "<group>"; };
		OBJ_24 /* String+Extra.swift */ = {isa = PBXFileReference; lastKnownFileType = sourcecode.swift; path = "String+Extra.swift"; sourceTree = "<group>"; };
		OBJ_26 /* main.swift */ = {isa = PBXFileReference; lastKnownFileType = sourcecode.swift; path = main.swift; sourceTree = "<group>"; };
		OBJ_29 /* StyleSyncTests.swift */ = {isa = PBXFileReference; lastKnownFileType = sourcecode.swift; path = StyleSyncTests.swift; sourceTree = "<group>"; };
		OBJ_6 /* Package.swift */ = {isa = PBXFileReference; explicitFileType = sourcecode.swift; path = Package.swift; sourceTree = "<group>"; };
		"StyleSync::StyleSync::Product" /* StyleSync */ = {isa = PBXFileReference; lastKnownFileType = text; path = StyleSync; sourceTree = BUILT_PRODUCTS_DIR; };
		"StyleSync::StyleSyncCore::Product" /* StyleSyncCore.framework */ = {isa = PBXFileReference; explicitFileType = wrapper.framework; path = StyleSyncCore.framework; sourceTree = BUILT_PRODUCTS_DIR; };
		"StyleSync::StyleSyncTests::Product" /* StyleSyncTests.xctest */ = {isa = PBXFileReference; lastKnownFileType = file; path = StyleSyncTests.xctest; sourceTree = BUILT_PRODUCTS_DIR; };
/* End PBXFileReference section */

/* Begin PBXFrameworksBuildPhase section */
		OBJ_46 /* Frameworks */ = {
			isa = PBXFrameworksBuildPhase;
			buildActionMask = 0;
			files = (
				OBJ_47 /* StyleSyncCore.framework in Frameworks */,
			);
			runOnlyForDeploymentPostprocessing = 0;
		};
		OBJ_56 /* Frameworks */ = {
			isa = PBXFrameworksBuildPhase;
			buildActionMask = 0;
			files = (
				OBJ_57 /* StyleSyncCore.framework in Frameworks */,
			);
			runOnlyForDeploymentPostprocessing = 0;
		};
		OBJ_76 /* Frameworks */ = {
			isa = PBXFrameworksBuildPhase;
			buildActionMask = 0;
			files = (
			);
			runOnlyForDeploymentPostprocessing = 0;
		};
/* End PBXFrameworksBuildPhase section */

/* Begin PBXGroup section */
		OBJ_19 /* Templates */ = {
			isa = PBXGroup;
			children = (
				OBJ_20 /* CodeGenerator.swift */,
				OBJ_21 /* CodeTemplateReplaceable.swift */,
			);
			path = Templates;
			sourceTree = "<group>";
		};
		OBJ_22 /* Utilities */ = {
			isa = PBXGroup;
			children = (
				OBJ_23 /* CodeNameable.swift */,
				OBJ_24 /* String+Extra.swift */,
			);
			path = Utilities;
			sourceTree = "<group>";
		};
		OBJ_25 /* StyleSync */ = {
			isa = PBXGroup;
			children = (
				OBJ_26 /* main.swift */,
			);
			name = StyleSync;
			path = Sources/StyleSync;
			sourceTree = SOURCE_ROOT;
		};
		OBJ_27 /* Tests */ = {
			isa = PBXGroup;
			children = (
				OBJ_28 /* StyleSyncTests */,
			);
			name = Tests;
			sourceTree = SOURCE_ROOT;
		};
		OBJ_28 /* StyleSyncTests */ = {
			isa = PBXGroup;
			children = (
				OBJ_29 /* StyleSyncTests.swift */,
			);
			name = StyleSyncTests;
			path = Tests/StyleSyncTests;
			sourceTree = SOURCE_ROOT;
		};
		OBJ_30 /* Products */ = {
			isa = PBXGroup;
			children = (
				"StyleSync::StyleSyncTests::Product" /* StyleSyncTests.xctest */,
				"StyleSync::StyleSync::Product" /* StyleSync */,
				"StyleSync::StyleSyncCore::Product" /* StyleSyncCore.framework */,
			);
			name = Products;
			sourceTree = BUILT_PRODUCTS_DIR;
		};
		OBJ_5 /*  */ = {
			isa = PBXGroup;
			children = (
				OBJ_6 /* Package.swift */,
				OBJ_7 /* Sources */,
				OBJ_27 /* Tests */,
				OBJ_30 /* Products */,
			);
			name = "";
			sourceTree = "<group>";
		};
		OBJ_7 /* Sources */ = {
			isa = PBXGroup;
			children = (
				OBJ_8 /* StyleSyncCore */,
				OBJ_25 /* StyleSync */,
			);
			name = Sources;
			sourceTree = SOURCE_ROOT;
		};
		OBJ_8 /* StyleSyncCore */ = {
			isa = PBXGroup;
			children = (
				OBJ_9 /* Model */,
				OBJ_18 /* StyleSync.swift */,
				OBJ_19 /* Templates */,
				OBJ_22 /* Utilities */,
			);
			name = StyleSyncCore;
			path = Sources/StyleSyncCore;
			sourceTree = SOURCE_ROOT;
		};
		OBJ_9 /* Model */ = {
			isa = PBXGroup;
			children = (
				OBJ_10 /* CodableError.swift */,
				OBJ_11 /* ColorStyle.swift */,
				OBJ_12 /* SketchDocument.swift */,
				OBJ_13 /* Style.swift */,
				OBJ_14 /* StyleParser.swift */,
				OBJ_15 /* TextStyle.swift */,
				OBJ_16 /* Version.swift */,
				OBJ_17 /* VersionedStyles.swift */,
			);
			path = Model;
			sourceTree = "<group>";
		};
/* End PBXGroup section */

/* Begin PBXNativeTarget section */
		"StyleSync::StyleSync" /* StyleSync */ = {
			isa = PBXNativeTarget;
			buildConfigurationList = OBJ_51 /* Build configuration list for PBXNativeTarget "StyleSync" */;
			buildPhases = (
				OBJ_54 /* Sources */,
				OBJ_56 /* Frameworks */,
			);
			buildRules = (
			);
			dependencies = (
				OBJ_58 /* PBXTargetDependency */,
			);
			name = StyleSync;
			productName = StyleSync;
			productReference = "StyleSync::StyleSync::Product" /* StyleSync */;
			productType = "com.apple.product-type.tool";
		};
		"StyleSync::StyleSyncCore" /* StyleSyncCore */ = {
			isa = PBXNativeTarget;
			buildConfigurationList = OBJ_59 /* Build configuration list for PBXNativeTarget "StyleSyncCore" */;
			buildPhases = (
				OBJ_62 /* Sources */,
				OBJ_76 /* Frameworks */,
			);
			buildRules = (
			);
			dependencies = (
			);
			name = StyleSyncCore;
			productName = StyleSyncCore;
			productReference = "StyleSync::StyleSyncCore::Product" /* StyleSyncCore.framework */;
			productType = "com.apple.product-type.framework";
		};
		"StyleSync::StyleSyncTests" /* StyleSyncTests */ = {
			isa = PBXNativeTarget;
			buildConfigurationList = OBJ_41 /* Build configuration list for PBXNativeTarget "StyleSyncTests" */;
			buildPhases = (
				OBJ_44 /* Sources */,
				OBJ_46 /* Frameworks */,
			);
			buildRules = (
			);
			dependencies = (
				OBJ_48 /* PBXTargetDependency */,
			);
			name = StyleSyncTests;
			productName = StyleSyncTests;
			productReference = "StyleSync::StyleSyncTests::Product" /* StyleSyncTests.xctest */;
			productType = "com.apple.product-type.bundle.unit-test";
		};
		"StyleSync::SwiftPMPackageDescription" /* StyleSyncPackageDescription */ = {
			isa = PBXNativeTarget;
			buildConfigurationList = OBJ_35 /* Build configuration list for PBXNativeTarget "StyleSyncPackageDescription" */;
			buildPhases = (
				OBJ_38 /* Sources */,
			);
			buildRules = (
			);
			dependencies = (
			);
			name = StyleSyncPackageDescription;
			productName = StyleSyncPackageDescription;
			productType = "com.apple.product-type.framework";
		};
/* End PBXNativeTarget section */

/* Begin PBXProject section */
		OBJ_1 /* Project object */ = {
			isa = PBXProject;
			attributes = {
				LastUpgradeCheck = 9999;
			};
			buildConfigurationList = OBJ_2 /* Build configuration list for PBXProject "StyleSync" */;
			compatibilityVersion = "Xcode 3.2";
			developmentRegion = English;
			hasScannedForEncodings = 0;
			knownRegions = (
				en,
			);
			mainGroup = OBJ_5 /*  */;
			productRefGroup = OBJ_30 /* Products */;
			projectDirPath = "";
			projectRoot = "";
			targets = (
				"StyleSync::SwiftPMPackageDescription" /* StyleSyncPackageDescription */,
				"StyleSync::StyleSyncTests" /* StyleSyncTests */,
				"StyleSync::StyleSync" /* StyleSync */,
				"StyleSync::StyleSyncCore" /* StyleSyncCore */,
				"StyleSync::StyleSyncPackageTests::ProductTarget" /* StyleSyncPackageTests */,
			);
		};
/* End PBXProject section */

/* Begin PBXSourcesBuildPhase section */
		OBJ_38 /* Sources */ = {
			isa = PBXSourcesBuildPhase;
			buildActionMask = 0;
			files = (
				OBJ_39 /* Package.swift in Sources */,
			);
			runOnlyForDeploymentPostprocessing = 0;
		};
		OBJ_44 /* Sources */ = {
			isa = PBXSourcesBuildPhase;
			buildActionMask = 0;
			files = (
				OBJ_45 /* StyleSyncTests.swift in Sources */,
			);
			runOnlyForDeploymentPostprocessing = 0;
		};
		OBJ_54 /* Sources */ = {
			isa = PBXSourcesBuildPhase;
			buildActionMask = 0;
			files = (
				OBJ_55 /* main.swift in Sources */,
			);
			runOnlyForDeploymentPostprocessing = 0;
		};
		OBJ_62 /* Sources */ = {
			isa = PBXSourcesBuildPhase;
			buildActionMask = 0;
			files = (
				OBJ_63 /* CodableError.swift in Sources */,
				OBJ_64 /* ColorStyle.swift in Sources */,
				OBJ_65 /* SketchDocument.swift in Sources */,
				OBJ_66 /* Style.swift in Sources */,
				OBJ_67 /* StyleParser.swift in Sources */,
				OBJ_68 /* TextStyle.swift in Sources */,
				OBJ_69 /* Version.swift in Sources */,
				OBJ_70 /* VersionedStyles.swift in Sources */,
				OBJ_71 /* StyleSync.swift in Sources */,
				OBJ_72 /* CodeGenerator.swift in Sources */,
				OBJ_73 /* CodeTemplateReplaceable.swift in Sources */,
				OBJ_74 /* CodeNameable.swift in Sources */,
				OBJ_75 /* String+Extra.swift in Sources */,
			);
			runOnlyForDeploymentPostprocessing = 0;
		};
/* End PBXSourcesBuildPhase section */

/* Begin PBXTargetDependency section */
		OBJ_48 /* PBXTargetDependency */ = {
			isa = PBXTargetDependency;
			target = "StyleSync::StyleSyncCore" /* StyleSyncCore */;
			targetProxy = 65009A4A1F56012200B31BD2 /* PBXContainerItemProxy */;
		};
		OBJ_58 /* PBXTargetDependency */ = {
			isa = PBXTargetDependency;
			target = "StyleSync::StyleSyncCore" /* StyleSyncCore */;
			targetProxy = 65009A491F56012200B31BD2 /* PBXContainerItemProxy */;
		};
		OBJ_81 /* PBXTargetDependency */ = {
			isa = PBXTargetDependency;
			target = "StyleSync::StyleSyncTests" /* StyleSyncTests */;
			targetProxy = 65009A4B1F56012600B31BD2 /* PBXContainerItemProxy */;
		};
/* End PBXTargetDependency section */

/* Begin XCBuildConfiguration section */
		OBJ_3 /* Debug */ = {
			isa = XCBuildConfiguration;
			buildSettings = {
				CLANG_ENABLE_OBJC_ARC = YES;
				COMBINE_HIDPI_IMAGES = YES;
				COPY_PHASE_STRIP = NO;
				DEBUG_INFORMATION_FORMAT = dwarf;
				DYLIB_INSTALL_NAME_BASE = "@rpath";
				ENABLE_NS_ASSERTIONS = YES;
				GCC_OPTIMIZATION_LEVEL = 0;
				MACOSX_DEPLOYMENT_TARGET = 10.10;
				ONLY_ACTIVE_ARCH = YES;
				OTHER_SWIFT_FLAGS = "-DXcode";
				PRODUCT_NAME = "$(TARGET_NAME)";
				SDKROOT = macosx;
				SUPPORTED_PLATFORMS = "macosx iphoneos iphonesimulator appletvos appletvsimulator watchos watchsimulator";
				SWIFT_ACTIVE_COMPILATION_CONDITIONS = SWIFT_PACKAGE;
				SWIFT_OPTIMIZATION_LEVEL = "-Onone";
				USE_HEADERMAP = NO;
			};
			name = Debug;
		};
		OBJ_36 /* Debug */ = {
			isa = XCBuildConfiguration;
			buildSettings = {
				LD = /usr/bin/true;
				OTHER_SWIFT_FLAGS = "-swift-version 4 -I /Applications/Xcode-beta.app/Contents/Developer/Toolchains/XcodeDefault.xctoolchain/usr/lib/swift/pm/4 -target x86_64-apple-macosx10.10 -sdk /Applications/Xcode-beta.app/Contents/Developer/Platforms/MacOSX.platform/Developer/SDKs/MacOSX10.13.sdk";
				SWIFT_VERSION = 4.0;
			};
			name = Debug;
		};
		OBJ_37 /* Release */ = {
			isa = XCBuildConfiguration;
			buildSettings = {
				LD = /usr/bin/true;
				OTHER_SWIFT_FLAGS = "-swift-version 4 -I /Applications/Xcode-beta.app/Contents/Developer/Toolchains/XcodeDefault.xctoolchain/usr/lib/swift/pm/4 -target x86_64-apple-macosx10.10 -sdk /Applications/Xcode-beta.app/Contents/Developer/Platforms/MacOSX.platform/Developer/SDKs/MacOSX10.13.sdk";
				SWIFT_VERSION = 4.0;
			};
			name = Release;
		};
		OBJ_4 /* Release */ = {
			isa = XCBuildConfiguration;
			buildSettings = {
				CLANG_ENABLE_OBJC_ARC = YES;
				COMBINE_HIDPI_IMAGES = YES;
				COPY_PHASE_STRIP = YES;
				DEBUG_INFORMATION_FORMAT = "dwarf-with-dsym";
				DYLIB_INSTALL_NAME_BASE = "@rpath";
				GCC_OPTIMIZATION_LEVEL = s;
				MACOSX_DEPLOYMENT_TARGET = 10.10;
				OTHER_SWIFT_FLAGS = "-DXcode";
				PRODUCT_NAME = "$(TARGET_NAME)";
				SDKROOT = macosx;
				SUPPORTED_PLATFORMS = "macosx iphoneos iphonesimulator appletvos appletvsimulator watchos watchsimulator";
				SWIFT_ACTIVE_COMPILATION_CONDITIONS = SWIFT_PACKAGE;
				SWIFT_OPTIMIZATION_LEVEL = "-Owholemodule";
				USE_HEADERMAP = NO;
			};
			name = Release;
		};
		OBJ_42 /* Debug */ = {
			isa = XCBuildConfiguration;
			buildSettings = {
				EMBEDDED_CONTENT_CONTAINS_SWIFT = YES;
				FRAMEWORK_SEARCH_PATHS = (
					"$(inherited)",
					"$(PLATFORM_DIR)/Developer/Library/Frameworks",
				);
				HEADER_SEARCH_PATHS = "$(inherited)";
				INFOPLIST_FILE = StyleSync.xcodeproj/StyleSyncTests_Info.plist;
				LD_RUNPATH_SEARCH_PATHS = "@loader_path/../Frameworks @loader_path/Frameworks";
				OTHER_LDFLAGS = "$(inherited)";
				OTHER_SWIFT_FLAGS = "$(inherited)";
				SWIFT_VERSION = 4.0;
				TARGET_NAME = StyleSyncTests;
			};
			name = Debug;
		};
		OBJ_43 /* Release */ = {
			isa = XCBuildConfiguration;
			buildSettings = {
				EMBEDDED_CONTENT_CONTAINS_SWIFT = YES;
				FRAMEWORK_SEARCH_PATHS = (
					"$(inherited)",
					"$(PLATFORM_DIR)/Developer/Library/Frameworks",
				);
				HEADER_SEARCH_PATHS = "$(inherited)";
				INFOPLIST_FILE = StyleSync.xcodeproj/StyleSyncTests_Info.plist;
				LD_RUNPATH_SEARCH_PATHS = "@loader_path/../Frameworks @loader_path/Frameworks";
				OTHER_LDFLAGS = "$(inherited)";
				OTHER_SWIFT_FLAGS = "$(inherited)";
				SWIFT_VERSION = 4.0;
				TARGET_NAME = StyleSyncTests;
			};
			name = Release;
		};
		OBJ_52 /* Debug */ = {
			isa = XCBuildConfiguration;
			buildSettings = {
				FRAMEWORK_SEARCH_PATHS = (
					"$(inherited)",
					"$(PLATFORM_DIR)/Developer/Library/Frameworks",
				);
				HEADER_SEARCH_PATHS = "$(inherited)";
				INFOPLIST_FILE = StyleSync.xcodeproj/StyleSync_Info.plist;
				LD_RUNPATH_SEARCH_PATHS = "$(TOOLCHAIN_DIR)/usr/lib/swift/macosx @executable_path";
				OTHER_LDFLAGS = "$(inherited)";
				OTHER_SWIFT_FLAGS = "$(inherited)";
				SWIFT_FORCE_DYNAMIC_LINK_STDLIB = YES;
				SWIFT_FORCE_STATIC_LINK_STDLIB = NO;
				SWIFT_VERSION = 4.0;
				TARGET_NAME = StyleSync;
			};
			name = Debug;
		};
		OBJ_53 /* Release */ = {
			isa = XCBuildConfiguration;
			buildSettings = {
				FRAMEWORK_SEARCH_PATHS = (
					"$(inherited)",
					"$(PLATFORM_DIR)/Developer/Library/Frameworks",
				);
				HEADER_SEARCH_PATHS = "$(inherited)";
				INFOPLIST_FILE = StyleSync.xcodeproj/StyleSync_Info.plist;
				LD_RUNPATH_SEARCH_PATHS = "$(TOOLCHAIN_DIR)/usr/lib/swift/macosx @executable_path";
				OTHER_LDFLAGS = "$(inherited)";
				OTHER_SWIFT_FLAGS = "$(inherited)";
				SWIFT_FORCE_DYNAMIC_LINK_STDLIB = YES;
				SWIFT_FORCE_STATIC_LINK_STDLIB = NO;
				SWIFT_VERSION = 4.0;
				TARGET_NAME = StyleSync;
			};
			name = Release;
		};
		OBJ_60 /* Debug */ = {
			isa = XCBuildConfiguration;
			buildSettings = {
				ENABLE_TESTABILITY = YES;
				FRAMEWORK_SEARCH_PATHS = (
					"$(inherited)",
					"$(PLATFORM_DIR)/Developer/Library/Frameworks",
				);
				HEADER_SEARCH_PATHS = "$(inherited)";
				INFOPLIST_FILE = StyleSync.xcodeproj/StyleSyncCore_Info.plist;
				LD_RUNPATH_SEARCH_PATHS = "$(TOOLCHAIN_DIR)/usr/lib/swift/macosx";
				OTHER_LDFLAGS = "$(inherited)";
				OTHER_SWIFT_FLAGS = "$(inherited)";
				PRODUCT_BUNDLE_IDENTIFIER = StyleSyncCore;
				PRODUCT_MODULE_NAME = "$(TARGET_NAME:c99extidentifier)";
				PRODUCT_NAME = "$(TARGET_NAME:c99extidentifier)";
				SKIP_INSTALL = YES;
				SWIFT_VERSION = 4.0;
				TARGET_NAME = StyleSyncCore;
			};
			name = Debug;
		};
		OBJ_61 /* Release */ = {
			isa = XCBuildConfiguration;
			buildSettings = {
				ENABLE_TESTABILITY = YES;
				FRAMEWORK_SEARCH_PATHS = (
					"$(inherited)",
					"$(PLATFORM_DIR)/Developer/Library/Frameworks",
				);
				HEADER_SEARCH_PATHS = "$(inherited)";
				INFOPLIST_FILE = StyleSync.xcodeproj/StyleSyncCore_Info.plist;
				LD_RUNPATH_SEARCH_PATHS = "$(TOOLCHAIN_DIR)/usr/lib/swift/macosx";
				OTHER_LDFLAGS = "$(inherited)";
				OTHER_SWIFT_FLAGS = "$(inherited)";
				PRODUCT_BUNDLE_IDENTIFIER = StyleSyncCore;
				PRODUCT_MODULE_NAME = "$(TARGET_NAME:c99extidentifier)";
				PRODUCT_NAME = "$(TARGET_NAME:c99extidentifier)";
				SKIP_INSTALL = YES;
				SWIFT_VERSION = 4.0;
				TARGET_NAME = StyleSyncCore;
			};
			name = Release;
		};
		OBJ_79 /* Debug */ = {
			isa = XCBuildConfiguration;
			buildSettings = {
			};
			name = Debug;
		};
		OBJ_80 /* Release */ = {
			isa = XCBuildConfiguration;
			buildSettings = {
			};
			name = Release;
		};
/* End XCBuildConfiguration section */

/* Begin XCConfigurationList section */
		OBJ_2 /* Build configuration list for PBXProject "StyleSync" */ = {
			isa = XCConfigurationList;
			buildConfigurations = (
				OBJ_3 /* Debug */,
				OBJ_4 /* Release */,
			);
			defaultConfigurationIsVisible = 0;
			defaultConfigurationName = Debug;
		};
		OBJ_35 /* Build configuration list for PBXNativeTarget "StyleSyncPackageDescription" */ = {
			isa = XCConfigurationList;
			buildConfigurations = (
				OBJ_36 /* Debug */,
				OBJ_37 /* Release */,
			);
			defaultConfigurationIsVisible = 0;
			defaultConfigurationName = Debug;
		};
		OBJ_41 /* Build configuration list for PBXNativeTarget "StyleSyncTests" */ = {
			isa = XCConfigurationList;
			buildConfigurations = (
				OBJ_42 /* Debug */,
				OBJ_43 /* Release */,
			);
			defaultConfigurationIsVisible = 0;
			defaultConfigurationName = Debug;
		};
		OBJ_51 /* Build configuration list for PBXNativeTarget "StyleSync" */ = {
			isa = XCConfigurationList;
			buildConfigurations = (
				OBJ_52 /* Debug */,
				OBJ_53 /* Release */,
			);
			defaultConfigurationIsVisible = 0;
			defaultConfigurationName = Debug;
		};
		OBJ_59 /* Build configuration list for PBXNativeTarget "StyleSyncCore" */ = {
			isa = XCConfigurationList;
			buildConfigurations = (
				OBJ_60 /* Debug */,
				OBJ_61 /* Release */,
			);
			defaultConfigurationIsVisible = 0;
			defaultConfigurationName = Debug;
		};
		OBJ_78 /* Build configuration list for PBXAggregateTarget "StyleSyncPackageTests" */ = {
			isa = XCConfigurationList;
			buildConfigurations = (
				OBJ_79 /* Debug */,
				OBJ_80 /* Release */,
			);
			defaultConfigurationIsVisible = 0;
			defaultConfigurationName = Debug;
		};
/* End XCConfigurationList section */
	};
	rootObject = OBJ_1 /* Project object */;
}
